// !$*UTF8*$!
{
	archiveVersion = 1;
	classes = {
	};
	objectVersion = 46;
	objects = {

/* Begin PBXBuildFile section */
		4F7CDDB480A0D4FAB88D9CDA /* Pods_DeepLinkLibrary_Tests.framework in Frameworks */ = {isa = PBXBuildFile; fileRef = 4D5D44CE2FD3DEAA3108C874 /* Pods_DeepLinkLibrary_Tests.framework */; };
		607FACD61AFB9204008FA782 /* AppDelegate.swift in Sources */ = {isa = PBXBuildFile; fileRef = 607FACD51AFB9204008FA782 /* AppDelegate.swift */; };
		607FACDB1AFB9204008FA782 /* Main.storyboard in Resources */ = {isa = PBXBuildFile; fileRef = 607FACD91AFB9204008FA782 /* Main.storyboard */; };
		607FACDD1AFB9204008FA782 /* Images.xcassets in Resources */ = {isa = PBXBuildFile; fileRef = 607FACDC1AFB9204008FA782 /* Images.xcassets */; };
		607FACE01AFB9204008FA782 /* LaunchScreen.xib in Resources */ = {isa = PBXBuildFile; fileRef = 607FACDE1AFB9204008FA782 /* LaunchScreen.xib */; };
		607FACEC1AFB9204008FA782 /* Tests.swift in Sources */ = {isa = PBXBuildFile; fileRef = 607FACEB1AFB9204008FA782 /* Tests.swift */; };
		8479E2F5200E7A4400320380 /* Split.storyboard in Resources */ = {isa = PBXBuildFile; fileRef = 8479E2F1200E7A4400320380 /* Split.storyboard */; };
		8479E2F6200E7A4400320380 /* PromptScreen.storyboard in Resources */ = {isa = PBXBuildFile; fileRef = 8479E2F3200E7A4400320380 /* PromptScreen.storyboard */; };
		8479E30D200E7A7F00320380 /* ExampleConfiguration.swift in Sources */ = {isa = PBXBuildFile; fileRef = 8479E2F8200E7A7F00320380 /* ExampleConfiguration.swift */; };
		8479E30E200E7A7F00320380 /* ExampleTarget.swift in Sources */ = {isa = PBXBuildFile; fileRef = 8479E2F9200E7A7F00320380 /* ExampleTarget.swift */; };
		8479E30F200E7A7F00320380 /* ExampleContext.swift in Sources */ = {isa = PBXBuildFile; fileRef = 8479E2FA200E7A7F00320380 /* ExampleContext.swift */; };
		8479E310200E7A7F00320380 /* UIColor.swift in Sources */ = {isa = PBXBuildFile; fileRef = 8479E2FC200E7A7F00320380 /* UIColor.swift */; };
		8479E311200E7A7F00320380 /* ViewController.swift in Sources */ = {isa = PBXBuildFile; fileRef = 8479E2FD200E7A7F00320380 /* ViewController.swift */; };
		8479E312200E7A7F00320380 /* CircleViewController.swift in Sources */ = {isa = PBXBuildFile; fileRef = 8479E2FF200E7A7F00320380 /* CircleViewController.swift */; };
		8479E315200E7A7F00320380 /* ColorViewController.swift in Sources */ = {isa = PBXBuildFile; fileRef = 8479E302200E7A7F00320380 /* ColorViewController.swift */; };
		8479E316200E7A7F00320380 /* EmptyViewController.swift in Sources */ = {isa = PBXBuildFile; fileRef = 8479E303200E7A7F00320380 /* EmptyViewController.swift */; };
		8479E318200E7A7F00320380 /* PromptViewController.swift in Sources */ = {isa = PBXBuildFile; fileRef = 8479E305200E7A7F00320380 /* PromptViewController.swift */; };
		8479E319200E7A7F00320380 /* RoutingRuleSupportViewController.swift in Sources */ = {isa = PBXBuildFile; fileRef = 8479E306200E7A7F00320380 /* RoutingRuleSupportViewController.swift */; };
		8479E31A200E7A7F00320380 /* SquareViewController.swift in Sources */ = {isa = PBXBuildFile; fileRef = 8479E307200E7A7F00320380 /* SquareViewController.swift */; };
		8479E31C200E7A7F00320380 /* ColorURLTranslator.swift in Sources */ = {isa = PBXBuildFile; fileRef = 8479E30A200E7A7F00320380 /* ColorURLTranslator.swift */; };
		8479E31D200E7A7F00320380 /* ExampleURLTranslator.swift in Sources */ = {isa = PBXBuildFile; fileRef = 8479E30B200E7A7F00320380 /* ExampleURLTranslator.swift */; };
		8479E320200F7D1E00320380 /* Login.storyboard in Resources */ = {isa = PBXBuildFile; fileRef = 8479E31F200F7D1E00320380 /* Login.storyboard */; };
		847D2870202B7DCC004C1EAF /* StarViewController.xib in Resources */ = {isa = PBXBuildFile; fileRef = 847D286E202B7DCC004C1EAF /* StarViewController.xib */; };
		848F3463202DC77D00F2A959 /* Categories.storyboard in Resources */ = {isa = PBXBuildFile; fileRef = 848F3461202DC77D00F2A959 /* Categories.storyboard */; };
		848F3468202DF31E00F2A959 /* ProductArray.storyboard in Resources */ = {isa = PBXBuildFile; fileRef = 848F3466202DF31E00F2A959 /* ProductArray.storyboard */; };
		84B6D46820163CC700B70FF7 /* DeepLinkLibrary_ExampleUITests.swift in Sources */ = {isa = PBXBuildFile; fileRef = 84B6D46720163CC700B70FF7 /* DeepLinkLibrary_ExampleUITests.swift */; };
		9AFBC0ADE4D123DD36E06972 /* ProductViewController.swift in Sources */ = {isa = PBXBuildFile; fileRef = 9AFBC8F9D2DC7F0960891380 /* ProductViewController.swift */; };
		9AFBC10000C39C385751808C /* CitiesDataModel.swift in Sources */ = {isa = PBXBuildFile; fileRef = 9AFBC4700ACD202B6C4A1205 /* CitiesDataModel.swift */; };
		9AFBC11AB0BE495D5E2959C1 /* LoginConfiguration.swift in Sources */ = {isa = PBXBuildFile; fileRef = 9AFBC6DBFF899EA9831D84D2 /* LoginConfiguration.swift */; };
		9AFBC180DE64868993AFC04D /* ProductArrayViewController.swift in Sources */ = {isa = PBXBuildFile; fileRef = 9AFBC20EAA3E09375309BB42 /* ProductArrayViewController.swift */; };
		9AFBC22D132A22B83EDC74C2 /* CategoriesRouting.swift in Sources */ = {isa = PBXBuildFile; fileRef = 9AFBCB1412D6A689887DAFDD /* CategoriesRouting.swift */; };
		9AFBC22EF26E1F76942AC44D /* ProductURLTranslator.swift in Sources */ = {isa = PBXBuildFile; fileRef = 9AFBC94AAA83C5D160B00A8D /* ProductURLTranslator.swift */; };
		9AFBC3DB63861EB552A2CD2E /* ExampleUniversalLinksManager.swift in Sources */ = {isa = PBXBuildFile; fileRef = 9AFBCE44839BD245D30ED19C /* ExampleUniversalLinksManager.swift */; };
		9AFBC44E3C619DA3103CF262 /* MainApp.swift in Sources */ = {isa = PBXBuildFile; fileRef = 9AFBC952AF4046BCE9C67920 /* MainApp.swift */; };
		9AFBC466CF915E3C0F137958 /* ProductConfiguration.swift in Sources */ = {isa = PBXBuildFile; fileRef = 9AFBC7FF9D27A17E57FE525C /* ProductConfiguration.swift */; };
		9AFBC48869CFD0F1C93AC690 /* MainAppProductContext.swift in Sources */ = {isa = PBXBuildFile; fileRef = 9AFBC8363191B3E17EAEEDC4 /* MainAppProductContext.swift */; };
		9AFBC48BEC2CCE8F4BC2DE76 /* ProductArrayContext.swift in Sources */ = {isa = PBXBuildFile; fileRef = 9AFBCD69F79DF50A7F46AF10 /* ProductArrayContext.swift */; };
		9AFBC51B9F55F66B1A5028DD /* CategoriesContext.swift in Sources */ = {isa = PBXBuildFile; fileRef = 9AFBC9E2D2115CF366BA8ADE /* CategoriesContext.swift */; };
		9AFBC53392657942D199D598 /* WishListConfiguration.swift in Sources */ = {isa = PBXBuildFile; fileRef = 9AFBCE40215C25D16CA6A1FB /* WishListConfiguration.swift */; };
		9AFBC5E76937F58BE685F4E7 /* CityContext.swift in Sources */ = {isa = PBXBuildFile; fileRef = 9AFBC78B188F55C0198B5007 /* CityContext.swift */; };
		9AFBC61E3F1322003BEF1F40 /* CategoryProtocol.swift in Sources */ = {isa = PBXBuildFile; fileRef = 9AFBCD3120EF72F339F9FE7C /* CategoryProtocol.swift */; };
		9AFBC62E659FF1B8D75CD301 /* CategoriesViewController.swift in Sources */ = {isa = PBXBuildFile; fileRef = 9AFBCDF7838A23CCA7400CF2 /* CategoriesViewController.swift */; };
		9AFBC66443B697ADCC7BB6B7 /* WishListContent.swift in Sources */ = {isa = PBXBuildFile; fileRef = 9AFBC16A7AED73A4F3C744F7 /* WishListContent.swift */; };
		9AFBC692F1BDEC314CBDBD3D /* ProductArrayRouting.swift in Sources */ = {isa = PBXBuildFile; fileRef = 9AFBC9E52B9F88107A981B52 /* ProductArrayRouting.swift */; };
		9AFBC82E50CBF47FB0A0F2D1 /* CityURLTranslator.swift in Sources */ = {isa = PBXBuildFile; fileRef = 9AFBCE5527D371C559C69F9E /* CityURLTranslator.swift */; };
		9AFBC846927D38441DCA0296 /* WishListViewController.swift in Sources */ = {isa = PBXBuildFile; fileRef = 9AFBC80C4D57303B27914E81 /* WishListViewController.swift */; };
		9AFBC915C2F461136B5C1B0D /* SecondModalLevelViewController.swift in Sources */ = {isa = PBXBuildFile; fileRef = 9AFBCAF24C0CD80E0D369EEA /* SecondModalLevelViewController.swift */; };
		9AFBC91DEB7FCDC286B6AD17 /* WishListFactory.swift in Sources */ = {isa = PBXBuildFile; fileRef = 9AFBCFA7F490C53D17BA5B40 /* WishListFactory.swift */; };
		9AFBCA32BF0E6A5C2D643915 /* ExampleAnalyticsPostAction.swift in Sources */ = {isa = PBXBuildFile; fileRef = 9AFBC0097861297B7686ADAA /* ExampleAnalyticsPostAction.swift */; };
		9AFBCA728DF14FD91F5AC570 /* StarViewController.swift in Sources */ = {isa = PBXBuildFile; fileRef = 9AFBC0A54CF3E1EFC4DB61C0 /* StarViewController.swift */; };
		9AFBCAFFB71568FAE9054699 /* CitiesTableViewController.swift in Sources */ = {isa = PBXBuildFile; fileRef = 9AFBCA4291DB4A6D2A47E5F2 /* CitiesTableViewController.swift */; };
		9AFBCB0429E79EDCF4DBF368 /* CategoryCollectionViewCell.swift in Sources */ = {isa = PBXBuildFile; fileRef = 9AFBC336235D192B08706FA2 /* CategoryCollectionViewCell.swift */; };
		9AFBCB1EA868F677EA54C083 /* ExampleAnalyticsParameters.swift in Sources */ = {isa = PBXBuildFile; fileRef = 9AFBCEB028743A7AC55E1CA6 /* ExampleAnalyticsParameters.swift */; };
		9AFBCBB5F4DDE646EAFA437B /* LoginViewController.swift in Sources */ = {isa = PBXBuildFile; fileRef = 9AFBCCCF499676D25E68FECA /* LoginViewController.swift */; };
		9AFBCD62E3DF0BB8C87D68F9 /* ProductArrayProtocols.swift in Sources */ = {isa = PBXBuildFile; fileRef = 9AFBCF6CDD5896A5E3A7BD0E /* ProductArrayProtocols.swift */; };
		9AFBCD6AE3440EB309544B18 /* BayFetchers.swift in Sources */ = {isa = PBXBuildFile; fileRef = 9AFBCEE34C6F98CDA32CC898 /* BayFetchers.swift */; };
		9AFBCDDD13172281D4368E6C /* CitiesConfiguration.swift in Sources */ = {isa = PBXBuildFile; fileRef = 9AFBC94CF26AB11E181F7B00 /* CitiesConfiguration.swift */; };
		9AFBCED8EF4F06EEB8DA931D /* CategoryFetcher.swift in Sources */ = {isa = PBXBuildFile; fileRef = 9AFBC11E327A46967DAD7691 /* CategoryFetcher.swift */; };
		9AFBCF519040E699D130072D /* CityDetailViewController.swift in Sources */ = {isa = PBXBuildFile; fileRef = 9AFBC949B2D2D4B8D636B565 /* CityDetailViewController.swift */; };
		9AFBCF8AAEE1E2E0D3B6D83E /* ExampleAnalyticsInterceptor.swift in Sources */ = {isa = PBXBuildFile; fileRef = 9AFBCD4279BBCCCACECDB352 /* ExampleAnalyticsInterceptor.swift */; };
		D611D285DB9C77E5E7D8FBF7 /* Pods_DeepLinkLibrary_Example.framework in Frameworks */ = {isa = PBXBuildFile; fileRef = AD8FADE9265A4CD86A75FD85 /* Pods_DeepLinkLibrary_Example.framework */; };
/* End PBXBuildFile section */

/* Begin PBXContainerItemProxy section */
		607FACE61AFB9204008FA782 /* PBXContainerItemProxy */ = {
			isa = PBXContainerItemProxy;
			containerPortal = 607FACC81AFB9204008FA782 /* Project object */;
			proxyType = 1;
			remoteGlobalIDString = 607FACCF1AFB9204008FA782;
			remoteInfo = DeepLinkLibrary;
		};
		84B6D46A20163CC700B70FF7 /* PBXContainerItemProxy */ = {
			isa = PBXContainerItemProxy;
			containerPortal = 607FACC81AFB9204008FA782 /* Project object */;
			proxyType = 1;
			remoteGlobalIDString = 607FACCF1AFB9204008FA782;
			remoteInfo = DeepLinkLibrary_Example;
		};
/* End PBXContainerItemProxy section */

/* Begin PBXFileReference section */
		1CD805AB0D00DEBF564D358F /* Pods-DeepLinkLibrary_Tests.debug.xcconfig */ = {isa = PBXFileReference; includeInIndex = 1; lastKnownFileType = text.xcconfig; name = "Pods-DeepLinkLibrary_Tests.debug.xcconfig"; path = "Pods/Target Support Files/Pods-DeepLinkLibrary_Tests/Pods-DeepLinkLibrary_Tests.debug.xcconfig"; sourceTree = "<group>"; };
		4D016BC78C8FFDC66C0F661D /* DeepLinkLibrary.podspec */ = {isa = PBXFileReference; includeInIndex = 1; lastKnownFileType = text; name = DeepLinkLibrary.podspec; path = ../DeepLinkLibrary.podspec; sourceTree = "<group>"; };
		4D5D44CE2FD3DEAA3108C874 /* Pods_DeepLinkLibrary_Tests.framework */ = {isa = PBXFileReference; explicitFileType = wrapper.framework; includeInIndex = 0; path = Pods_DeepLinkLibrary_Tests.framework; sourceTree = BUILT_PRODUCTS_DIR; };
		523DE209C4401E98B0605566 /* LICENSE */ = {isa = PBXFileReference; includeInIndex = 1; lastKnownFileType = text; name = LICENSE; path = ../LICENSE; sourceTree = "<group>"; };
		607FACD01AFB9204008FA782 /* DeepLinkLibrary_Example.app */ = {isa = PBXFileReference; explicitFileType = wrapper.application; includeInIndex = 0; path = DeepLinkLibrary_Example.app; sourceTree = BUILT_PRODUCTS_DIR; };
		607FACD41AFB9204008FA782 /* Info.plist */ = {isa = PBXFileReference; lastKnownFileType = text.plist.xml; path = Info.plist; sourceTree = "<group>"; };
		607FACD51AFB9204008FA782 /* AppDelegate.swift */ = {isa = PBXFileReference; lastKnownFileType = sourcecode.swift; path = AppDelegate.swift; sourceTree = "<group>"; };
		607FACDA1AFB9204008FA782 /* Base */ = {isa = PBXFileReference; lastKnownFileType = file.storyboard; name = Base; path = Base.lproj/Main.storyboard; sourceTree = "<group>"; };
		607FACDC1AFB9204008FA782 /* Images.xcassets */ = {isa = PBXFileReference; lastKnownFileType = folder.assetcatalog; path = Images.xcassets; sourceTree = "<group>"; };
		607FACDF1AFB9204008FA782 /* Base */ = {isa = PBXFileReference; lastKnownFileType = file.xib; name = Base; path = Base.lproj/LaunchScreen.xib; sourceTree = "<group>"; };
		607FACE51AFB9204008FA782 /* DeepLinkLibrary_Tests.xctest */ = {isa = PBXFileReference; explicitFileType = wrapper.cfbundle; includeInIndex = 0; path = DeepLinkLibrary_Tests.xctest; sourceTree = BUILT_PRODUCTS_DIR; };
		607FACEA1AFB9204008FA782 /* Info.plist */ = {isa = PBXFileReference; lastKnownFileType = text.plist.xml; path = Info.plist; sourceTree = "<group>"; };
		607FACEB1AFB9204008FA782 /* Tests.swift */ = {isa = PBXFileReference; lastKnownFileType = sourcecode.swift; path = Tests.swift; sourceTree = "<group>"; };
		8479E2F2200E7A4400320380 /* Base */ = {isa = PBXFileReference; lastKnownFileType = file.storyboard; name = Base; path = Base.lproj/Split.storyboard; sourceTree = "<group>"; };
		8479E2F4200E7A4400320380 /* Base */ = {isa = PBXFileReference; lastKnownFileType = file.storyboard; name = Base; path = Base.lproj/PromptScreen.storyboard; sourceTree = "<group>"; };
		8479E2F8200E7A7F00320380 /* ExampleConfiguration.swift */ = {isa = PBXFileReference; fileEncoding = 4; lastKnownFileType = sourcecode.swift; path = ExampleConfiguration.swift; sourceTree = "<group>"; };
		8479E2F9200E7A7F00320380 /* ExampleTarget.swift */ = {isa = PBXFileReference; fileEncoding = 4; lastKnownFileType = sourcecode.swift; path = ExampleTarget.swift; sourceTree = "<group>"; };
		8479E2FA200E7A7F00320380 /* ExampleContext.swift */ = {isa = PBXFileReference; fileEncoding = 4; lastKnownFileType = sourcecode.swift; path = ExampleContext.swift; sourceTree = "<group>"; };
		8479E2FC200E7A7F00320380 /* UIColor.swift */ = {isa = PBXFileReference; fileEncoding = 4; lastKnownFileType = sourcecode.swift; path = UIColor.swift; sourceTree = "<group>"; };
		8479E2FD200E7A7F00320380 /* ViewController.swift */ = {isa = PBXFileReference; fileEncoding = 4; lastKnownFileType = sourcecode.swift; path = ViewController.swift; sourceTree = "<group>"; };
		8479E2FF200E7A7F00320380 /* CircleViewController.swift */ = {isa = PBXFileReference; fileEncoding = 4; lastKnownFileType = sourcecode.swift; path = CircleViewController.swift; sourceTree = "<group>"; };
		8479E302200E7A7F00320380 /* ColorViewController.swift */ = {isa = PBXFileReference; fileEncoding = 4; lastKnownFileType = sourcecode.swift; path = ColorViewController.swift; sourceTree = "<group>"; };
		8479E303200E7A7F00320380 /* EmptyViewController.swift */ = {isa = PBXFileReference; fileEncoding = 4; lastKnownFileType = sourcecode.swift; path = EmptyViewController.swift; sourceTree = "<group>"; };
		8479E305200E7A7F00320380 /* PromptViewController.swift */ = {isa = PBXFileReference; fileEncoding = 4; lastKnownFileType = sourcecode.swift; path = PromptViewController.swift; sourceTree = "<group>"; };
		8479E306200E7A7F00320380 /* RoutingRuleSupportViewController.swift */ = {isa = PBXFileReference; fileEncoding = 4; lastKnownFileType = sourcecode.swift; path = RoutingRuleSupportViewController.swift; sourceTree = "<group>"; };
		8479E307200E7A7F00320380 /* SquareViewController.swift */ = {isa = PBXFileReference; fileEncoding = 4; lastKnownFileType = sourcecode.swift; path = SquareViewController.swift; sourceTree = "<group>"; };
		8479E30A200E7A7F00320380 /* ColorURLTranslator.swift */ = {isa = PBXFileReference; fileEncoding = 4; lastKnownFileType = sourcecode.swift; path = ColorURLTranslator.swift; sourceTree = "<group>"; };
		8479E30B200E7A7F00320380 /* ExampleURLTranslator.swift */ = {isa = PBXFileReference; fileEncoding = 4; lastKnownFileType = sourcecode.swift; path = ExampleURLTranslator.swift; sourceTree = "<group>"; };
		8479E31F200F7D1E00320380 /* Login.storyboard */ = {isa = PBXFileReference; lastKnownFileType = file.storyboard; path = Login.storyboard; sourceTree = "<group>"; };
		847D286F202B7DCC004C1EAF /* Base */ = {isa = PBXFileReference; lastKnownFileType = file.xib; name = Base; path = Base.lproj/StarViewController.xib; sourceTree = "<group>"; };
		848F3462202DC77D00F2A959 /* Base */ = {isa = PBXFileReference; lastKnownFileType = file.storyboard; name = Base; path = Base.lproj/Categories.storyboard; sourceTree = "<group>"; };
		848F3467202DF31E00F2A959 /* Base */ = {isa = PBXFileReference; lastKnownFileType = file.storyboard; name = Base; path = DeepLinkLibrary/Base.lproj/ProductArray.storyboard; sourceTree = SOURCE_ROOT; };
		84B6D46520163CC700B70FF7 /* DeepLinkLibrary_ExampleUITests.xctest */ = {isa = PBXFileReference; explicitFileType = wrapper.cfbundle; includeInIndex = 0; path = DeepLinkLibrary_ExampleUITests.xctest; sourceTree = BUILT_PRODUCTS_DIR; };
		84B6D46720163CC700B70FF7 /* DeepLinkLibrary_ExampleUITests.swift */ = {isa = PBXFileReference; lastKnownFileType = sourcecode.swift; path = DeepLinkLibrary_ExampleUITests.swift; sourceTree = "<group>"; };
		84B6D46920163CC700B70FF7 /* Info.plist */ = {isa = PBXFileReference; lastKnownFileType = text.plist.xml; path = Info.plist; sourceTree = "<group>"; };
		84C1D86390083DF185C460C2 /* Pods-DeepLinkLibrary_Tests.release.xcconfig */ = {isa = PBXFileReference; includeInIndex = 1; lastKnownFileType = text.xcconfig; name = "Pods-DeepLinkLibrary_Tests.release.xcconfig"; path = "Pods/Target Support Files/Pods-DeepLinkLibrary_Tests/Pods-DeepLinkLibrary_Tests.release.xcconfig"; sourceTree = "<group>"; };
		99737A56A3D37A621574DCAB /* README.md */ = {isa = PBXFileReference; includeInIndex = 1; lastKnownFileType = net.daringfireball.markdown; name = README.md; path = ../README.md; sourceTree = "<group>"; };
		9AFBC0097861297B7686ADAA /* ExampleAnalyticsPostAction.swift */ = {isa = PBXFileReference; fileEncoding = 4; lastKnownFileType = sourcecode.swift; path = ExampleAnalyticsPostAction.swift; sourceTree = "<group>"; };
		9AFBC0A54CF3E1EFC4DB61C0 /* StarViewController.swift */ = {isa = PBXFileReference; fileEncoding = 4; lastKnownFileType = sourcecode.swift; path = StarViewController.swift; sourceTree = "<group>"; };
		9AFBC11E327A46967DAD7691 /* CategoryFetcher.swift */ = {isa = PBXFileReference; fileEncoding = 4; lastKnownFileType = sourcecode.swift; path = CategoryFetcher.swift; sourceTree = "<group>"; };
		9AFBC16A7AED73A4F3C744F7 /* WishListContent.swift */ = {isa = PBXFileReference; fileEncoding = 4; lastKnownFileType = sourcecode.swift; path = WishListContent.swift; sourceTree = "<group>"; };
		9AFBC20EAA3E09375309BB42 /* ProductArrayViewController.swift */ = {isa = PBXFileReference; fileEncoding = 4; lastKnownFileType = sourcecode.swift; path = ProductArrayViewController.swift; sourceTree = "<group>"; };
		9AFBC336235D192B08706FA2 /* CategoryCollectionViewCell.swift */ = {isa = PBXFileReference; fileEncoding = 4; lastKnownFileType = sourcecode.swift; path = CategoryCollectionViewCell.swift; sourceTree = "<group>"; };
		9AFBC4700ACD202B6C4A1205 /* CitiesDataModel.swift */ = {isa = PBXFileReference; fileEncoding = 4; lastKnownFileType = sourcecode.swift; path = CitiesDataModel.swift; sourceTree = "<group>"; };
		9AFBC6DBFF899EA9831D84D2 /* LoginConfiguration.swift */ = {isa = PBXFileReference; fileEncoding = 4; lastKnownFileType = sourcecode.swift; path = LoginConfiguration.swift; sourceTree = "<group>"; };
		9AFBC78B188F55C0198B5007 /* CityContext.swift */ = {isa = PBXFileReference; fileEncoding = 4; lastKnownFileType = sourcecode.swift; path = CityContext.swift; sourceTree = "<group>"; };
		9AFBC7FF9D27A17E57FE525C /* ProductConfiguration.swift */ = {isa = PBXFileReference; fileEncoding = 4; lastKnownFileType = sourcecode.swift; path = ProductConfiguration.swift; sourceTree = "<group>"; };
		9AFBC80C4D57303B27914E81 /* WishListViewController.swift */ = {isa = PBXFileReference; fileEncoding = 4; lastKnownFileType = sourcecode.swift; path = WishListViewController.swift; sourceTree = "<group>"; };
		9AFBC8363191B3E17EAEEDC4 /* MainAppProductContext.swift */ = {isa = PBXFileReference; fileEncoding = 4; lastKnownFileType = sourcecode.swift; path = MainAppProductContext.swift; sourceTree = "<group>"; };
		9AFBC8F9D2DC7F0960891380 /* ProductViewController.swift */ = {isa = PBXFileReference; fileEncoding = 4; lastKnownFileType = sourcecode.swift; path = ProductViewController.swift; sourceTree = "<group>"; };
		9AFBC949B2D2D4B8D636B565 /* CityDetailViewController.swift */ = {isa = PBXFileReference; fileEncoding = 4; lastKnownFileType = sourcecode.swift; path = CityDetailViewController.swift; sourceTree = "<group>"; };
		9AFBC94AAA83C5D160B00A8D /* ProductURLTranslator.swift */ = {isa = PBXFileReference; fileEncoding = 4; lastKnownFileType = sourcecode.swift; path = ProductURLTranslator.swift; sourceTree = "<group>"; };
		9AFBC94CF26AB11E181F7B00 /* CitiesConfiguration.swift */ = {isa = PBXFileReference; fileEncoding = 4; lastKnownFileType = sourcecode.swift; path = CitiesConfiguration.swift; sourceTree = "<group>"; };
		9AFBC952AF4046BCE9C67920 /* MainApp.swift */ = {isa = PBXFileReference; fileEncoding = 4; lastKnownFileType = sourcecode.swift; path = MainApp.swift; sourceTree = "<group>"; };
		9AFBC9E2D2115CF366BA8ADE /* CategoriesContext.swift */ = {isa = PBXFileReference; fileEncoding = 4; lastKnownFileType = sourcecode.swift; path = CategoriesContext.swift; sourceTree = "<group>"; };
		9AFBC9E52B9F88107A981B52 /* ProductArrayRouting.swift */ = {isa = PBXFileReference; fileEncoding = 4; lastKnownFileType = sourcecode.swift; path = ProductArrayRouting.swift; sourceTree = "<group>"; };
		9AFBCA4291DB4A6D2A47E5F2 /* CitiesTableViewController.swift */ = {isa = PBXFileReference; fileEncoding = 4; lastKnownFileType = sourcecode.swift; path = CitiesTableViewController.swift; sourceTree = "<group>"; };
		9AFBCAF24C0CD80E0D369EEA /* SecondModalLevelViewController.swift */ = {isa = PBXFileReference; fileEncoding = 4; lastKnownFileType = sourcecode.swift; path = SecondModalLevelViewController.swift; sourceTree = "<group>"; };
		9AFBCB1412D6A689887DAFDD /* CategoriesRouting.swift */ = {isa = PBXFileReference; fileEncoding = 4; lastKnownFileType = sourcecode.swift; path = CategoriesRouting.swift; sourceTree = "<group>"; };
		9AFBCCCF499676D25E68FECA /* LoginViewController.swift */ = {isa = PBXFileReference; fileEncoding = 4; lastKnownFileType = sourcecode.swift; path = LoginViewController.swift; sourceTree = "<group>"; };
		9AFBCD3120EF72F339F9FE7C /* CategoryProtocol.swift */ = {isa = PBXFileReference; fileEncoding = 4; lastKnownFileType = sourcecode.swift; path = CategoryProtocol.swift; sourceTree = "<group>"; };
		9AFBCD4279BBCCCACECDB352 /* ExampleAnalyticsInterceptor.swift */ = {isa = PBXFileReference; fileEncoding = 4; lastKnownFileType = sourcecode.swift; path = ExampleAnalyticsInterceptor.swift; sourceTree = "<group>"; };
		9AFBCD69F79DF50A7F46AF10 /* ProductArrayContext.swift */ = {isa = PBXFileReference; fileEncoding = 4; lastKnownFileType = sourcecode.swift; path = ProductArrayContext.swift; sourceTree = "<group>"; };
		9AFBCDF7838A23CCA7400CF2 /* CategoriesViewController.swift */ = {isa = PBXFileReference; fileEncoding = 4; lastKnownFileType = sourcecode.swift; path = CategoriesViewController.swift; sourceTree = "<group>"; };
		9AFBCE40215C25D16CA6A1FB /* WishListConfiguration.swift */ = {isa = PBXFileReference; fileEncoding = 4; lastKnownFileType = sourcecode.swift; path = WishListConfiguration.swift; sourceTree = "<group>"; };
		9AFBCE44839BD245D30ED19C /* ExampleUniversalLinksManager.swift */ = {isa = PBXFileReference; fileEncoding = 4; lastKnownFileType = sourcecode.swift; path = ExampleUniversalLinksManager.swift; sourceTree = "<group>"; };
		9AFBCE5527D371C559C69F9E /* CityURLTranslator.swift */ = {isa = PBXFileReference; fileEncoding = 4; lastKnownFileType = sourcecode.swift; path = CityURLTranslator.swift; sourceTree = "<group>"; };
		9AFBCEB028743A7AC55E1CA6 /* ExampleAnalyticsParameters.swift */ = {isa = PBXFileReference; fileEncoding = 4; lastKnownFileType = sourcecode.swift; path = ExampleAnalyticsParameters.swift; sourceTree = "<group>"; };
		9AFBCEE34C6F98CDA32CC898 /* BayFetchers.swift */ = {isa = PBXFileReference; fileEncoding = 4; lastKnownFileType = sourcecode.swift; path = BayFetchers.swift; sourceTree = "<group>"; };
		9AFBCF6CDD5896A5E3A7BD0E /* ProductArrayProtocols.swift */ = {isa = PBXFileReference; fileEncoding = 4; lastKnownFileType = sourcecode.swift; path = ProductArrayProtocols.swift; sourceTree = "<group>"; };
		9AFBCFA7F490C53D17BA5B40 /* WishListFactory.swift */ = {isa = PBXFileReference; fileEncoding = 4; lastKnownFileType = sourcecode.swift; path = WishListFactory.swift; sourceTree = "<group>"; };
		AD8FADE9265A4CD86A75FD85 /* Pods_DeepLinkLibrary_Example.framework */ = {isa = PBXFileReference; explicitFileType = wrapper.framework; includeInIndex = 0; path = Pods_DeepLinkLibrary_Example.framework; sourceTree = BUILT_PRODUCTS_DIR; };
		E7AC8603E217ACA9BCF1FAC2 /* Pods-DeepLinkLibrary_Example.release.xcconfig */ = {isa = PBXFileReference; includeInIndex = 1; lastKnownFileType = text.xcconfig; name = "Pods-DeepLinkLibrary_Example.release.xcconfig"; path = "Pods/Target Support Files/Pods-DeepLinkLibrary_Example/Pods-DeepLinkLibrary_Example.release.xcconfig"; sourceTree = "<group>"; };
		EE3371C14DEE61C1E517B2F9 /* Pods-DeepLinkLibrary_Example.debug.xcconfig */ = {isa = PBXFileReference; includeInIndex = 1; lastKnownFileType = text.xcconfig; name = "Pods-DeepLinkLibrary_Example.debug.xcconfig"; path = "Pods/Target Support Files/Pods-DeepLinkLibrary_Example/Pods-DeepLinkLibrary_Example.debug.xcconfig"; sourceTree = "<group>"; };
/* End PBXFileReference section */

/* Begin PBXFrameworksBuildPhase section */
		607FACCD1AFB9204008FA782 /* Frameworks */ = {
			isa = PBXFrameworksBuildPhase;
			buildActionMask = 2147483647;
			files = (
				D611D285DB9C77E5E7D8FBF7 /* Pods_DeepLinkLibrary_Example.framework in Frameworks */,
			);
			runOnlyForDeploymentPostprocessing = 0;
		};
		607FACE21AFB9204008FA782 /* Frameworks */ = {
			isa = PBXFrameworksBuildPhase;
			buildActionMask = 2147483647;
			files = (
				4F7CDDB480A0D4FAB88D9CDA /* Pods_DeepLinkLibrary_Tests.framework in Frameworks */,
			);
			runOnlyForDeploymentPostprocessing = 0;
		};
		84B6D46220163CC700B70FF7 /* Frameworks */ = {
			isa = PBXFrameworksBuildPhase;
			buildActionMask = 2147483647;
			files = (
			);
			runOnlyForDeploymentPostprocessing = 0;
		};
/* End PBXFrameworksBuildPhase section */

/* Begin PBXGroup section */
		079F2B751A1ED1AA45C29C22 /* Pods */ = {
			isa = PBXGroup;
			children = (
				EE3371C14DEE61C1E517B2F9 /* Pods-DeepLinkLibrary_Example.debug.xcconfig */,
				E7AC8603E217ACA9BCF1FAC2 /* Pods-DeepLinkLibrary_Example.release.xcconfig */,
				1CD805AB0D00DEBF564D358F /* Pods-DeepLinkLibrary_Tests.debug.xcconfig */,
				84C1D86390083DF185C460C2 /* Pods-DeepLinkLibrary_Tests.release.xcconfig */,
			);
			name = Pods;
			sourceTree = "<group>";
		};
		607FACC71AFB9204008FA782 = {
			isa = PBXGroup;
			children = (
				607FACF51AFB993E008FA782 /* Podspec Metadata */,
				607FACD21AFB9204008FA782 /* Example for DeepLinkLibrary */,
				607FACE81AFB9204008FA782 /* Tests */,
				84B6D46620163CC700B70FF7 /* DeepLinkLibrary_ExampleUITests */,
				607FACD11AFB9204008FA782 /* Products */,
				079F2B751A1ED1AA45C29C22 /* Pods */,
				89304414051547194EE39AAB /* Frameworks */,
			);
			sourceTree = "<group>";
		};
		607FACD11AFB9204008FA782 /* Products */ = {
			isa = PBXGroup;
			children = (
				607FACD01AFB9204008FA782 /* DeepLinkLibrary_Example.app */,
				607FACE51AFB9204008FA782 /* DeepLinkLibrary_Tests.xctest */,
				84B6D46520163CC700B70FF7 /* DeepLinkLibrary_ExampleUITests.xctest */,
			);
			name = Products;
			sourceTree = "<group>";
		};
		607FACD21AFB9204008FA782 /* Example for DeepLinkLibrary */ = {
			isa = PBXGroup;
			children = (
				8479E2F7200E7A7F00320380 /* Configuration */,
				8479E2FB200E7A7F00320380 /* Extensions */,
				8479E308200E7A7F00320380 /* URLTranslators */,
				8479E2FE200E7A7F00320380 /* View Controllers */,
				607FACD51AFB9204008FA782 /* AppDelegate.swift */,
				607FACD91AFB9204008FA782 /* Main.storyboard */,
				8479E31F200F7D1E00320380 /* Login.storyboard */,
				8479E2F3200E7A4400320380 /* PromptScreen.storyboard */,
				8479E2F1200E7A4400320380 /* Split.storyboard */,
				607FACDC1AFB9204008FA782 /* Images.xcassets */,
				607FACDE1AFB9204008FA782 /* LaunchScreen.xib */,
				607FACD31AFB9204008FA782 /* Supporting Files */,
				847D286E202B7DCC004C1EAF /* StarViewController.xib */,
			);
			name = "Example for DeepLinkLibrary";
			path = DeepLinkLibrary;
			sourceTree = "<group>";
		};
		607FACD31AFB9204008FA782 /* Supporting Files */ = {
			isa = PBXGroup;
			children = (
				607FACD41AFB9204008FA782 /* Info.plist */,
			);
			name = "Supporting Files";
			sourceTree = "<group>";
		};
		607FACE81AFB9204008FA782 /* Tests */ = {
			isa = PBXGroup;
			children = (
				607FACEB1AFB9204008FA782 /* Tests.swift */,
				607FACE91AFB9204008FA782 /* Supporting Files */,
			);
			path = Tests;
			sourceTree = "<group>";
		};
		607FACE91AFB9204008FA782 /* Supporting Files */ = {
			isa = PBXGroup;
			children = (
				607FACEA1AFB9204008FA782 /* Info.plist */,
			);
			name = "Supporting Files";
			sourceTree = "<group>";
		};
		607FACF51AFB993E008FA782 /* Podspec Metadata */ = {
			isa = PBXGroup;
			children = (
				4D016BC78C8FFDC66C0F661D /* DeepLinkLibrary.podspec */,
				99737A56A3D37A621574DCAB /* README.md */,
				523DE209C4401E98B0605566 /* LICENSE */,
			);
			name = "Podspec Metadata";
			sourceTree = "<group>";
		};
		8479E2F7200E7A7F00320380 /* Configuration */ = {
			isa = PBXGroup;
			children = (
				8479E2F8200E7A7F00320380 /* ExampleConfiguration.swift */,
				8479E2F9200E7A7F00320380 /* ExampleTarget.swift */,
				8479E2FA200E7A7F00320380 /* ExampleContext.swift */,
				9AFBCEB028743A7AC55E1CA6 /* ExampleAnalyticsParameters.swift */,
				9AFBCD4279BBCCCACECDB352 /* ExampleAnalyticsInterceptor.swift */,
				9AFBC0097861297B7686ADAA /* ExampleAnalyticsPostAction.swift */,
			);
			path = Configuration;
			sourceTree = "<group>";
		};
		8479E2FB200E7A7F00320380 /* Extensions */ = {
			isa = PBXGroup;
			children = (
				8479E2FC200E7A7F00320380 /* UIColor.swift */,
				8479E2FD200E7A7F00320380 /* ViewController.swift */,
			);
			path = Extensions;
			sourceTree = "<group>";
		};
		8479E2FE200E7A7F00320380 /* View Controllers */ = {
			isa = PBXGroup;
			children = (
				8479E2FF200E7A7F00320380 /* CircleViewController.swift */,
				8479E302200E7A7F00320380 /* ColorViewController.swift */,
				8479E303200E7A7F00320380 /* EmptyViewController.swift */,
				8479E305200E7A7F00320380 /* PromptViewController.swift */,
				8479E306200E7A7F00320380 /* RoutingRuleSupportViewController.swift */,
				8479E307200E7A7F00320380 /* SquareViewController.swift */,
				9AFBC47AB52EB65AC08C0A93 /* Cities */,
				9AFBC98664CF07654A83DF67 /* Login */,
				9AFBCD38844C488B1FC57B15 /* Product */,
				9AFBCAF24C0CD80E0D369EEA /* SecondModalLevelViewController.swift */,
				9AFBC0A54CF3E1EFC4DB61C0 /* StarViewController.swift */,
				9AFBC7DC358700F46FADF768 /* WishList */,
				9AFBC2FBB5AE3B8853DF0AD2 /* Example of Modules without DLL Dependecy */,
			);
			path = "View Controllers";
			sourceTree = "<group>";
		};
		8479E308200E7A7F00320380 /* URLTranslators */ = {
			isa = PBXGroup;
			children = (
				8479E30A200E7A7F00320380 /* ColorURLTranslator.swift */,
				8479E30B200E7A7F00320380 /* ExampleURLTranslator.swift */,
				9AFBCE44839BD245D30ED19C /* ExampleUniversalLinksManager.swift */,
			);
			path = URLTranslators;
			sourceTree = "<group>";
		};
		84B6D46620163CC700B70FF7 /* DeepLinkLibrary_ExampleUITests */ = {
			isa = PBXGroup;
			children = (
				84B6D46720163CC700B70FF7 /* DeepLinkLibrary_ExampleUITests.swift */,
				84B6D46920163CC700B70FF7 /* Info.plist */,
			);
			path = DeepLinkLibrary_ExampleUITests;
			sourceTree = "<group>";
		};
		89304414051547194EE39AAB /* Frameworks */ = {
			isa = PBXGroup;
			children = (
				AD8FADE9265A4CD86A75FD85 /* Pods_DeepLinkLibrary_Example.framework */,
				4D5D44CE2FD3DEAA3108C874 /* Pods_DeepLinkLibrary_Tests.framework */,
			);
			name = Frameworks;
			sourceTree = "<group>";
		};
		9AFBC2FBB5AE3B8853DF0AD2 /* Example of Modules without DLL Dependecy */ = {
			isa = PBXGroup;
			children = (
				9AFBC952AF4046BCE9C67920 /* MainApp.swift */,
				9AFBCA23C4CFF19151EDFDCE /* Categories Module */,
				9AFBC4DD90F78D0368E03D24 /* Product Array Module */,
				9AFBC8363191B3E17EAEEDC4 /* MainAppProductContext.swift */,
				9AFBCEE34C6F98CDA32CC898 /* BayFetchers.swift */,
				9AFBC9E52B9F88107A981B52 /* ProductArrayRouting.swift */,
				9AFBCB1412D6A689887DAFDD /* CategoriesRouting.swift */,
			);
			path = "Example of Modules without DLL Dependecy";
			sourceTree = "<group>";
		};
		9AFBC47AB52EB65AC08C0A93 /* Cities */ = {
			isa = PBXGroup;
			children = (
				9AFBCE5527D371C559C69F9E /* CityURLTranslator.swift */,
				9AFBC949B2D2D4B8D636B565 /* CityDetailViewController.swift */,
				9AFBCA4291DB4A6D2A47E5F2 /* CitiesTableViewController.swift */,
				9AFBC94CF26AB11E181F7B00 /* CitiesConfiguration.swift */,
				9AFBC78B188F55C0198B5007 /* CityContext.swift */,
				9AFBC4700ACD202B6C4A1205 /* CitiesDataModel.swift */,
			);
			path = Cities;
			sourceTree = "<group>";
		};
		9AFBC4DD90F78D0368E03D24 /* Product Array Module */ = {
			isa = PBXGroup;
			children = (
				9AFBC20EAA3E09375309BB42 /* ProductArrayViewController.swift */,
				9AFBCD69F79DF50A7F46AF10 /* ProductArrayContext.swift */,
				9AFBCF6CDD5896A5E3A7BD0E /* ProductArrayProtocols.swift */,
				848F3466202DF31E00F2A959 /* ProductArray.storyboard */,
			);
			path = "Product Array Module";
			sourceTree = "<group>";
		};
		9AFBC7DC358700F46FADF768 /* WishList */ = {
			isa = PBXGroup;
			children = (
				9AFBC80C4D57303B27914E81 /* WishListViewController.swift */,
				9AFBC16A7AED73A4F3C744F7 /* WishListContent.swift */,
				9AFBCE40215C25D16CA6A1FB /* WishListConfiguration.swift */,
				9AFBCFA7F490C53D17BA5B40 /* WishListFactory.swift */,
			);
			path = WishList;
			sourceTree = "<group>";
		};
		9AFBC98664CF07654A83DF67 /* Login */ = {
			isa = PBXGroup;
			children = (
				9AFBCCCF499676D25E68FECA /* LoginViewController.swift */,
				9AFBC6DBFF899EA9831D84D2 /* LoginConfiguration.swift */,
			);
			path = Login;
			sourceTree = "<group>";
		};
		9AFBCA23C4CFF19151EDFDCE /* Categories Module */ = {
			isa = PBXGroup;
			children = (
				848F3461202DC77D00F2A959 /* Categories.storyboard */,
				9AFBC336235D192B08706FA2 /* CategoryCollectionViewCell.swift */,
				9AFBCDF7838A23CCA7400CF2 /* CategoriesViewController.swift */,
				9AFBC11E327A46967DAD7691 /* CategoryFetcher.swift */,
				9AFBCD3120EF72F339F9FE7C /* CategoryProtocol.swift */,
				9AFBC9E2D2115CF366BA8ADE /* CategoriesContext.swift */,
			);
			path = "Categories Module";
			sourceTree = "<group>";
		};
		9AFBCD38844C488B1FC57B15 /* Product */ = {
			isa = PBXGroup;
			children = (
				9AFBC7FF9D27A17E57FE525C /* ProductConfiguration.swift */,
				9AFBC8F9D2DC7F0960891380 /* ProductViewController.swift */,
				9AFBC94AAA83C5D160B00A8D /* ProductURLTranslator.swift */,
			);
			path = Product;
			sourceTree = "<group>";
		};
/* End PBXGroup section */

/* Begin PBXNativeTarget section */
		607FACCF1AFB9204008FA782 /* DeepLinkLibrary_Example */ = {
			isa = PBXNativeTarget;
			buildConfigurationList = 607FACEF1AFB9204008FA782 /* Build configuration list for PBXNativeTarget "DeepLinkLibrary_Example" */;
			buildPhases = (
				BCFB669035F5BAFBDA54AC44 /* [CP] Check Pods Manifest.lock */,
				607FACCC1AFB9204008FA782 /* Sources */,
				607FACCD1AFB9204008FA782 /* Frameworks */,
				607FACCE1AFB9204008FA782 /* Resources */,
				9D8FCA457F23E4809DEE3514 /* [CP] Embed Pods Frameworks */,
				650CB9C06B5021FB967107E4 /* [CP] Copy Pods Resources */,
			);
			buildRules = (
			);
			dependencies = (
			);
			name = DeepLinkLibrary_Example;
			productName = DeepLinkLibrary;
			productReference = 607FACD01AFB9204008FA782 /* DeepLinkLibrary_Example.app */;
			productType = "com.apple.product-type.application";
		};
		607FACE41AFB9204008FA782 /* DeepLinkLibrary_Tests */ = {
			isa = PBXNativeTarget;
			buildConfigurationList = 607FACF21AFB9204008FA782 /* Build configuration list for PBXNativeTarget "DeepLinkLibrary_Tests" */;
			buildPhases = (
				6808AC1C059F0162AF8373C8 /* [CP] Check Pods Manifest.lock */,
				607FACE11AFB9204008FA782 /* Sources */,
				607FACE21AFB9204008FA782 /* Frameworks */,
				607FACE31AFB9204008FA782 /* Resources */,
				DFD719E8479D564844606445 /* [CP] Embed Pods Frameworks */,
				35A73AEA330CC1A413657E9B /* [CP] Copy Pods Resources */,
			);
			buildRules = (
			);
			dependencies = (
				607FACE71AFB9204008FA782 /* PBXTargetDependency */,
			);
			name = DeepLinkLibrary_Tests;
			productName = Tests;
			productReference = 607FACE51AFB9204008FA782 /* DeepLinkLibrary_Tests.xctest */;
			productType = "com.apple.product-type.bundle.unit-test";
		};
		84B6D46420163CC700B70FF7 /* DeepLinkLibrary_ExampleUITests */ = {
			isa = PBXNativeTarget;
			buildConfigurationList = 84B6D46E20163CC700B70FF7 /* Build configuration list for PBXNativeTarget "DeepLinkLibrary_ExampleUITests" */;
			buildPhases = (
				84B6D46120163CC700B70FF7 /* Sources */,
				84B6D46220163CC700B70FF7 /* Frameworks */,
				84B6D46320163CC700B70FF7 /* Resources */,
			);
			buildRules = (
			);
			dependencies = (
				84B6D46B20163CC700B70FF7 /* PBXTargetDependency */,
			);
			name = DeepLinkLibrary_ExampleUITests;
			productName = DeepLinkLibrary_ExampleUITests;
			productReference = 84B6D46520163CC700B70FF7 /* DeepLinkLibrary_ExampleUITests.xctest */;
			productType = "com.apple.product-type.bundle.ui-testing";
		};
/* End PBXNativeTarget section */

/* Begin PBXProject section */
		607FACC81AFB9204008FA782 /* Project object */ = {
			isa = PBXProject;
			attributes = {
				LastSwiftUpdateCheck = 0920;
				LastUpgradeCheck = 0830;
				ORGANIZATIONNAME = CocoaPods;
				TargetAttributes = {
					607FACCF1AFB9204008FA782 = {
						CreatedOnToolsVersion = 6.3.1;
						LastSwiftMigration = 0900;
					};
					607FACE41AFB9204008FA782 = {
						CreatedOnToolsVersion = 6.3.1;
						LastSwiftMigration = 0900;
						TestTargetID = 607FACCF1AFB9204008FA782;
					};
					84B6D46420163CC700B70FF7 = {
						CreatedOnToolsVersion = 9.2;
						DevelopmentTeam = PG4V34R8QT;
						ProvisioningStyle = Automatic;
						TestTargetID = 607FACCF1AFB9204008FA782;
					};
				};
			};
			buildConfigurationList = 607FACCB1AFB9204008FA782 /* Build configuration list for PBXProject "DeepLinkLibrary" */;
			compatibilityVersion = "Xcode 3.2";
			developmentRegion = English;
			hasScannedForEncodings = 0;
			knownRegions = (
				en,
				Base,
			);
			mainGroup = 607FACC71AFB9204008FA782;
			productRefGroup = 607FACD11AFB9204008FA782 /* Products */;
			projectDirPath = "";
			projectRoot = "";
			targets = (
				607FACCF1AFB9204008FA782 /* DeepLinkLibrary_Example */,
				607FACE41AFB9204008FA782 /* DeepLinkLibrary_Tests */,
				84B6D46420163CC700B70FF7 /* DeepLinkLibrary_ExampleUITests */,
			);
		};
/* End PBXProject section */

/* Begin PBXResourcesBuildPhase section */
		607FACCE1AFB9204008FA782 /* Resources */ = {
			isa = PBXResourcesBuildPhase;
			buildActionMask = 2147483647;
			files = (
				607FACDB1AFB9204008FA782 /* Main.storyboard in Resources */,
				607FACE01AFB9204008FA782 /* LaunchScreen.xib in Resources */,
				848F3463202DC77D00F2A959 /* Categories.storyboard in Resources */,
				847D2870202B7DCC004C1EAF /* StarViewController.xib in Resources */,
				8479E320200F7D1E00320380 /* Login.storyboard in Resources */,
				607FACDD1AFB9204008FA782 /* Images.xcassets in Resources */,
				8479E2F6200E7A4400320380 /* PromptScreen.storyboard in Resources */,
				848F3468202DF31E00F2A959 /* ProductArray.storyboard in Resources */,
				8479E2F5200E7A4400320380 /* Split.storyboard in Resources */,
			);
			runOnlyForDeploymentPostprocessing = 0;
		};
		607FACE31AFB9204008FA782 /* Resources */ = {
			isa = PBXResourcesBuildPhase;
			buildActionMask = 2147483647;
			files = (
			);
			runOnlyForDeploymentPostprocessing = 0;
		};
		84B6D46320163CC700B70FF7 /* Resources */ = {
			isa = PBXResourcesBuildPhase;
			buildActionMask = 2147483647;
			files = (
			);
			runOnlyForDeploymentPostprocessing = 0;
		};
/* End PBXResourcesBuildPhase section */

/* Begin PBXShellScriptBuildPhase section */
		35A73AEA330CC1A413657E9B /* [CP] Copy Pods Resources */ = {
			isa = PBXShellScriptBuildPhase;
			buildActionMask = 2147483647;
			files = (
			);
			inputPaths = (
			);
			name = "[CP] Copy Pods Resources";
			outputPaths = (
			);
			runOnlyForDeploymentPostprocessing = 0;
			shellPath = /bin/sh;
			shellScript = "\"${SRCROOT}/Pods/Target Support Files/Pods-DeepLinkLibrary_Tests/Pods-DeepLinkLibrary_Tests-resources.sh\"\n";
			showEnvVarsInLog = 0;
		};
		650CB9C06B5021FB967107E4 /* [CP] Copy Pods Resources */ = {
			isa = PBXShellScriptBuildPhase;
			buildActionMask = 2147483647;
			files = (
			);
			inputPaths = (
			);
			name = "[CP] Copy Pods Resources";
			outputPaths = (
			);
			runOnlyForDeploymentPostprocessing = 0;
			shellPath = /bin/sh;
			shellScript = "\"${SRCROOT}/Pods/Target Support Files/Pods-DeepLinkLibrary_Example/Pods-DeepLinkLibrary_Example-resources.sh\"\n";
			showEnvVarsInLog = 0;
		};
		6808AC1C059F0162AF8373C8 /* [CP] Check Pods Manifest.lock */ = {
			isa = PBXShellScriptBuildPhase;
			buildActionMask = 2147483647;
			files = (
			);
			inputPaths = (
				"${PODS_PODFILE_DIR_PATH}/Podfile.lock",
				"${PODS_ROOT}/Manifest.lock",
			);
			name = "[CP] Check Pods Manifest.lock";
			outputPaths = (
				"$(DERIVED_FILE_DIR)/Pods-DeepLinkLibrary_Tests-checkManifestLockResult.txt",
			);
			runOnlyForDeploymentPostprocessing = 0;
			shellPath = /bin/sh;
			shellScript = "diff \"${PODS_PODFILE_DIR_PATH}/Podfile.lock\" \"${PODS_ROOT}/Manifest.lock\" > /dev/null\nif [ $? != 0 ] ; then\n    # print error to STDERR\n    echo \"error: The sandbox is not in sync with the Podfile.lock. Run 'pod install' or update your CocoaPods installation.\" >&2\n    exit 1\nfi\n# This output is used by Xcode 'outputs' to avoid re-running this script phase.\necho \"SUCCESS\" > \"${SCRIPT_OUTPUT_FILE_0}\"\n";
			showEnvVarsInLog = 0;
		};
		9D8FCA457F23E4809DEE3514 /* [CP] Embed Pods Frameworks */ = {
			isa = PBXShellScriptBuildPhase;
			buildActionMask = 2147483647;
			files = (
			);
			inputPaths = (
				"${SRCROOT}/Pods/Target Support Files/Pods-DeepLinkLibrary_Example/Pods-DeepLinkLibrary_Example-frameworks.sh",
				"${BUILT_PRODUCTS_DIR}/DeepLinkLibrary/DeepLinkLibrary.framework",
			);
			name = "[CP] Embed Pods Frameworks";
			outputPaths = (
				"${TARGET_BUILD_DIR}/${FRAMEWORKS_FOLDER_PATH}/DeepLinkLibrary.framework",
			);
			runOnlyForDeploymentPostprocessing = 0;
			shellPath = /bin/sh;
			shellScript = "\"${SRCROOT}/Pods/Target Support Files/Pods-DeepLinkLibrary_Example/Pods-DeepLinkLibrary_Example-frameworks.sh\"\n";
			showEnvVarsInLog = 0;
		};
		BCFB669035F5BAFBDA54AC44 /* [CP] Check Pods Manifest.lock */ = {
			isa = PBXShellScriptBuildPhase;
			buildActionMask = 2147483647;
			files = (
			);
			inputPaths = (
				"${PODS_PODFILE_DIR_PATH}/Podfile.lock",
				"${PODS_ROOT}/Manifest.lock",
			);
			name = "[CP] Check Pods Manifest.lock";
			outputPaths = (
				"$(DERIVED_FILE_DIR)/Pods-DeepLinkLibrary_Example-checkManifestLockResult.txt",
			);
			runOnlyForDeploymentPostprocessing = 0;
			shellPath = /bin/sh;
			shellScript = "diff \"${PODS_PODFILE_DIR_PATH}/Podfile.lock\" \"${PODS_ROOT}/Manifest.lock\" > /dev/null\nif [ $? != 0 ] ; then\n    # print error to STDERR\n    echo \"error: The sandbox is not in sync with the Podfile.lock. Run 'pod install' or update your CocoaPods installation.\" >&2\n    exit 1\nfi\n# This output is used by Xcode 'outputs' to avoid re-running this script phase.\necho \"SUCCESS\" > \"${SCRIPT_OUTPUT_FILE_0}\"\n";
			showEnvVarsInLog = 0;
		};
		DFD719E8479D564844606445 /* [CP] Embed Pods Frameworks */ = {
			isa = PBXShellScriptBuildPhase;
			buildActionMask = 2147483647;
			files = (
			);
			inputPaths = (
			);
			name = "[CP] Embed Pods Frameworks";
			outputPaths = (
			);
			runOnlyForDeploymentPostprocessing = 0;
			shellPath = /bin/sh;
			shellScript = "\"${SRCROOT}/Pods/Target Support Files/Pods-DeepLinkLibrary_Tests/Pods-DeepLinkLibrary_Tests-frameworks.sh\"\n";
			showEnvVarsInLog = 0;
		};
/* End PBXShellScriptBuildPhase section */

/* Begin PBXSourcesBuildPhase section */
		607FACCC1AFB9204008FA782 /* Sources */ = {
			isa = PBXSourcesBuildPhase;
			buildActionMask = 2147483647;
			files = (
				8479E30D200E7A7F00320380 /* ExampleConfiguration.swift in Sources */,
				8479E310200E7A7F00320380 /* UIColor.swift in Sources */,
				8479E311200E7A7F00320380 /* ViewController.swift in Sources */,
				8479E31A200E7A7F00320380 /* SquareViewController.swift in Sources */,
				8479E319200E7A7F00320380 /* RoutingRuleSupportViewController.swift in Sources */,
				8479E31C200E7A7F00320380 /* ColorURLTranslator.swift in Sources */,
				8479E30E200E7A7F00320380 /* ExampleTarget.swift in Sources */,
				8479E316200E7A7F00320380 /* EmptyViewController.swift in Sources */,
				8479E31D200E7A7F00320380 /* ExampleURLTranslator.swift in Sources */,
				607FACD61AFB9204008FA782 /* AppDelegate.swift in Sources */,
				8479E312200E7A7F00320380 /* CircleViewController.swift in Sources */,
				8479E315200E7A7F00320380 /* ColorViewController.swift in Sources */,
				8479E318200E7A7F00320380 /* PromptViewController.swift in Sources */,
				8479E30F200E7A7F00320380 /* ExampleContext.swift in Sources */,
				9AFBC82E50CBF47FB0A0F2D1 /* CityURLTranslator.swift in Sources */,
				9AFBCF519040E699D130072D /* CityDetailViewController.swift in Sources */,
				9AFBCAFFB71568FAE9054699 /* CitiesTableViewController.swift in Sources */,
				9AFBCDDD13172281D4368E6C /* CitiesConfiguration.swift in Sources */,
				9AFBC5E76937F58BE685F4E7 /* CityContext.swift in Sources */,
				9AFBC3DB63861EB552A2CD2E /* ExampleUniversalLinksManager.swift in Sources */,
				9AFBCBB5F4DDE646EAFA437B /* LoginViewController.swift in Sources */,
				9AFBC11AB0BE495D5E2959C1 /* LoginConfiguration.swift in Sources */,
				9AFBCB1EA868F677EA54C083 /* ExampleAnalyticsParameters.swift in Sources */,
				9AFBCF8AAEE1E2E0D3B6D83E /* ExampleAnalyticsInterceptor.swift in Sources */,
				9AFBCA32BF0E6A5C2D643915 /* ExampleAnalyticsPostAction.swift in Sources */,
				9AFBC466CF915E3C0F137958 /* ProductConfiguration.swift in Sources */,
				9AFBC0ADE4D123DD36E06972 /* ProductViewController.swift in Sources */,
				9AFBC22EF26E1F76942AC44D /* ProductURLTranslator.swift in Sources */,
				9AFBC915C2F461136B5C1B0D /* SecondModalLevelViewController.swift in Sources */,
				9AFBCA728DF14FD91F5AC570 /* StarViewController.swift in Sources */,
				9AFBC10000C39C385751808C /* CitiesDataModel.swift in Sources */,
				9AFBC846927D38441DCA0296 /* WishListViewController.swift in Sources */,
				9AFBC66443B697ADCC7BB6B7 /* WishListContent.swift in Sources */,
				9AFBC53392657942D199D598 /* WishListConfiguration.swift in Sources */,
				9AFBC91DEB7FCDC286B6AD17 /* WishListFactory.swift in Sources */,
				9AFBC44E3C619DA3103CF262 /* MainApp.swift in Sources */,
				9AFBCB0429E79EDCF4DBF368 /* CategoryCollectionViewCell.swift in Sources */,
				9AFBC62E659FF1B8D75CD301 /* CategoriesViewController.swift in Sources */,
				9AFBC180DE64868993AFC04D /* ProductArrayViewController.swift in Sources */,
				9AFBCED8EF4F06EEB8DA931D /* CategoryFetcher.swift in Sources */,
				9AFBC61E3F1322003BEF1F40 /* CategoryProtocol.swift in Sources */,
				9AFBC48BEC2CCE8F4BC2DE76 /* ProductArrayContext.swift in Sources */,
				9AFBC48869CFD0F1C93AC690 /* MainAppProductContext.swift in Sources */,
				9AFBC51B9F55F66B1A5028DD /* CategoriesContext.swift in Sources */,
				9AFBCD62E3DF0BB8C87D68F9 /* ProductArrayProtocols.swift in Sources */,
				9AFBCD6AE3440EB309544B18 /* BayFetchers.swift in Sources */,
				9AFBC692F1BDEC314CBDBD3D /* ProductArrayRouting.swift in Sources */,
				9AFBC22D132A22B83EDC74C2 /* CategoriesRouting.swift in Sources */,
			);
			runOnlyForDeploymentPostprocessing = 0;
		};
		607FACE11AFB9204008FA782 /* Sources */ = {
			isa = PBXSourcesBuildPhase;
			buildActionMask = 2147483647;
			files = (
				607FACEC1AFB9204008FA782 /* Tests.swift in Sources */,
			);
			runOnlyForDeploymentPostprocessing = 0;
		};
		84B6D46120163CC700B70FF7 /* Sources */ = {
			isa = PBXSourcesBuildPhase;
			buildActionMask = 2147483647;
			files = (
				84B6D46820163CC700B70FF7 /* DeepLinkLibrary_ExampleUITests.swift in Sources */,
			);
			runOnlyForDeploymentPostprocessing = 0;
		};
/* End PBXSourcesBuildPhase section */

/* Begin PBXTargetDependency section */
		607FACE71AFB9204008FA782 /* PBXTargetDependency */ = {
			isa = PBXTargetDependency;
			target = 607FACCF1AFB9204008FA782 /* DeepLinkLibrary_Example */;
			targetProxy = 607FACE61AFB9204008FA782 /* PBXContainerItemProxy */;
		};
		84B6D46B20163CC700B70FF7 /* PBXTargetDependency */ = {
			isa = PBXTargetDependency;
			target = 607FACCF1AFB9204008FA782 /* DeepLinkLibrary_Example */;
			targetProxy = 84B6D46A20163CC700B70FF7 /* PBXContainerItemProxy */;
		};
/* End PBXTargetDependency section */

/* Begin PBXVariantGroup section */
		607FACD91AFB9204008FA782 /* Main.storyboard */ = {
			isa = PBXVariantGroup;
			children = (
				607FACDA1AFB9204008FA782 /* Base */,
			);
			name = Main.storyboard;
			sourceTree = "<group>";
		};
		607FACDE1AFB9204008FA782 /* LaunchScreen.xib */ = {
			isa = PBXVariantGroup;
			children = (
				607FACDF1AFB9204008FA782 /* Base */,
			);
			name = LaunchScreen.xib;
			sourceTree = "<group>";
		};
		8479E2F1200E7A4400320380 /* Split.storyboard */ = {
			isa = PBXVariantGroup;
			children = (
				8479E2F2200E7A4400320380 /* Base */,
			);
			name = Split.storyboard;
			sourceTree = "<group>";
		};
		8479E2F3200E7A4400320380 /* PromptScreen.storyboard */ = {
			isa = PBXVariantGroup;
			children = (
				8479E2F4200E7A4400320380 /* Base */,
			);
			name = PromptScreen.storyboard;
			sourceTree = "<group>";
		};
		847D286E202B7DCC004C1EAF /* StarViewController.xib */ = {
			isa = PBXVariantGroup;
			children = (
				847D286F202B7DCC004C1EAF /* Base */,
			);
			name = StarViewController.xib;
			sourceTree = "<group>";
		};
		848F3461202DC77D00F2A959 /* Categories.storyboard */ = {
			isa = PBXVariantGroup;
			children = (
				848F3462202DC77D00F2A959 /* Base */,
			);
			name = Categories.storyboard;
			sourceTree = "<group>";
		};
		848F3466202DF31E00F2A959 /* ProductArray.storyboard */ = {
			isa = PBXVariantGroup;
			children = (
				848F3467202DF31E00F2A959 /* Base */,
			);
			name = ProductArray.storyboard;
			sourceTree = "<group>";
		};
/* End PBXVariantGroup section */

/* Begin XCBuildConfiguration section */
		607FACED1AFB9204008FA782 /* Debug */ = {
			isa = XCBuildConfiguration;
			buildSettings = {
				ALWAYS_SEARCH_USER_PATHS = NO;
				CLANG_CXX_LANGUAGE_STANDARD = "gnu++0x";
				CLANG_CXX_LIBRARY = "libc++";
				CLANG_ENABLE_MODULES = YES;
				CLANG_ENABLE_OBJC_ARC = YES;
				CLANG_WARN_BLOCK_CAPTURE_AUTORELEASING = YES;
				CLANG_WARN_BOOL_CONVERSION = YES;
				CLANG_WARN_COMMA = YES;
				CLANG_WARN_CONSTANT_CONVERSION = YES;
				CLANG_WARN_DIRECT_OBJC_ISA_USAGE = YES_ERROR;
				CLANG_WARN_EMPTY_BODY = YES;
				CLANG_WARN_ENUM_CONVERSION = YES;
				CLANG_WARN_INFINITE_RECURSION = YES;
				CLANG_WARN_INT_CONVERSION = YES;
				CLANG_WARN_NON_LITERAL_NULL_CONVERSION = YES;
				CLANG_WARN_OBJC_LITERAL_CONVERSION = YES;
				CLANG_WARN_OBJC_ROOT_CLASS = YES_ERROR;
				CLANG_WARN_RANGE_LOOP_ANALYSIS = YES;
				CLANG_WARN_STRICT_PROTOTYPES = YES;
				CLANG_WARN_SUSPICIOUS_MOVE = YES;
				CLANG_WARN_UNREACHABLE_CODE = YES;
				CLANG_WARN__DUPLICATE_METHOD_MATCH = YES;
				"CODE_SIGN_IDENTITY[sdk=iphoneos*]" = "iPhone Developer";
				COPY_PHASE_STRIP = NO;
				DEBUG_INFORMATION_FORMAT = "dwarf-with-dsym";
				ENABLE_STRICT_OBJC_MSGSEND = YES;
				ENABLE_TESTABILITY = YES;
				GCC_C_LANGUAGE_STANDARD = gnu99;
				GCC_DYNAMIC_NO_PIC = NO;
				GCC_NO_COMMON_BLOCKS = YES;
				GCC_OPTIMIZATION_LEVEL = 0;
				GCC_PREPROCESSOR_DEFINITIONS = (
					"DEBUG=1",
					"$(inherited)",
				);
				GCC_SYMBOLS_PRIVATE_EXTERN = NO;
				GCC_WARN_64_TO_32_BIT_CONVERSION = YES;
				GCC_WARN_ABOUT_RETURN_TYPE = YES_ERROR;
				GCC_WARN_UNDECLARED_SELECTOR = YES;
				GCC_WARN_UNINITIALIZED_AUTOS = YES_AGGRESSIVE;
				GCC_WARN_UNUSED_FUNCTION = YES;
				GCC_WARN_UNUSED_VARIABLE = YES;
				IPHONEOS_DEPLOYMENT_TARGET = 9.3;
				MTL_ENABLE_DEBUG_INFO = YES;
				ONLY_ACTIVE_ARCH = YES;
				SDKROOT = iphoneos;
				SWIFT_OPTIMIZATION_LEVEL = "-Onone";
			};
			name = Debug;
		};
		607FACEE1AFB9204008FA782 /* Release */ = {
			isa = XCBuildConfiguration;
			buildSettings = {
				ALWAYS_SEARCH_USER_PATHS = NO;
				CLANG_CXX_LANGUAGE_STANDARD = "gnu++0x";
				CLANG_CXX_LIBRARY = "libc++";
				CLANG_ENABLE_MODULES = YES;
				CLANG_ENABLE_OBJC_ARC = YES;
				CLANG_WARN_BLOCK_CAPTURE_AUTORELEASING = YES;
				CLANG_WARN_BOOL_CONVERSION = YES;
				CLANG_WARN_COMMA = YES;
				CLANG_WARN_CONSTANT_CONVERSION = YES;
				CLANG_WARN_DIRECT_OBJC_ISA_USAGE = YES_ERROR;
				CLANG_WARN_EMPTY_BODY = YES;
				CLANG_WARN_ENUM_CONVERSION = YES;
				CLANG_WARN_INFINITE_RECURSION = YES;
				CLANG_WARN_INT_CONVERSION = YES;
				CLANG_WARN_NON_LITERAL_NULL_CONVERSION = YES;
				CLANG_WARN_OBJC_LITERAL_CONVERSION = YES;
				CLANG_WARN_OBJC_ROOT_CLASS = YES_ERROR;
				CLANG_WARN_RANGE_LOOP_ANALYSIS = YES;
				CLANG_WARN_STRICT_PROTOTYPES = YES;
				CLANG_WARN_SUSPICIOUS_MOVE = YES;
				CLANG_WARN_UNREACHABLE_CODE = YES;
				CLANG_WARN__DUPLICATE_METHOD_MATCH = YES;
				"CODE_SIGN_IDENTITY[sdk=iphoneos*]" = "iPhone Developer";
				COPY_PHASE_STRIP = NO;
				DEBUG_INFORMATION_FORMAT = "dwarf-with-dsym";
				ENABLE_NS_ASSERTIONS = NO;
				ENABLE_STRICT_OBJC_MSGSEND = YES;
				GCC_C_LANGUAGE_STANDARD = gnu99;
				GCC_NO_COMMON_BLOCKS = YES;
				GCC_WARN_64_TO_32_BIT_CONVERSION = YES;
				GCC_WARN_ABOUT_RETURN_TYPE = YES_ERROR;
				GCC_WARN_UNDECLARED_SELECTOR = YES;
				GCC_WARN_UNINITIALIZED_AUTOS = YES_AGGRESSIVE;
				GCC_WARN_UNUSED_FUNCTION = YES;
				GCC_WARN_UNUSED_VARIABLE = YES;
				IPHONEOS_DEPLOYMENT_TARGET = 9.3;
				MTL_ENABLE_DEBUG_INFO = NO;
				SDKROOT = iphoneos;
				SWIFT_OPTIMIZATION_LEVEL = "-Owholemodule";
				VALIDATE_PRODUCT = YES;
			};
			name = Release;
		};
		607FACF01AFB9204008FA782 /* Debug */ = {
			isa = XCBuildConfiguration;
			baseConfigurationReference = EE3371C14DEE61C1E517B2F9 /* Pods-DeepLinkLibrary_Example.debug.xcconfig */;
			buildSettings = {
				ASSETCATALOG_COMPILER_APPICON_NAME = AppIcon;
				INFOPLIST_FILE = DeepLinkLibrary/Info.plist;
				LD_RUNPATH_SEARCH_PATHS = "$(inherited) @executable_path/Frameworks";
				MODULE_NAME = ExampleApp;
				PRODUCT_BUNDLE_IDENTIFIER = "org.cocoapods.demo.$(PRODUCT_NAME:rfc1034identifier)";
				PRODUCT_NAME = "$(TARGET_NAME)";
				SWIFT_SWIFT3_OBJC_INFERENCE = Default;
				SWIFT_VERSION = 4.0;
				TARGETED_DEVICE_FAMILY = "1,2";
			};
			name = Debug;
		};
		607FACF11AFB9204008FA782 /* Release */ = {
			isa = XCBuildConfiguration;
			baseConfigurationReference = E7AC8603E217ACA9BCF1FAC2 /* Pods-DeepLinkLibrary_Example.release.xcconfig */;
			buildSettings = {
				ASSETCATALOG_COMPILER_APPICON_NAME = AppIcon;
				INFOPLIST_FILE = DeepLinkLibrary/Info.plist;
				LD_RUNPATH_SEARCH_PATHS = "$(inherited) @executable_path/Frameworks";
				MODULE_NAME = ExampleApp;
				PRODUCT_BUNDLE_IDENTIFIER = "org.cocoapods.demo.$(PRODUCT_NAME:rfc1034identifier)";
				PRODUCT_NAME = "$(TARGET_NAME)";
				SWIFT_SWIFT3_OBJC_INFERENCE = Default;
				SWIFT_VERSION = 4.0;
				TARGETED_DEVICE_FAMILY = "1,2";
			};
			name = Release;
		};
		607FACF31AFB9204008FA782 /* Debug */ = {
			isa = XCBuildConfiguration;
			baseConfigurationReference = 1CD805AB0D00DEBF564D358F /* Pods-DeepLinkLibrary_Tests.debug.xcconfig */;
			buildSettings = {
				FRAMEWORK_SEARCH_PATHS = (
					"$(SDKROOT)/Developer/Library/Frameworks",
					"$(inherited)",
				);
				GCC_PREPROCESSOR_DEFINITIONS = (
					"DEBUG=1",
					"$(inherited)",
				);
				INFOPLIST_FILE = Tests/Info.plist;
				LD_RUNPATH_SEARCH_PATHS = "$(inherited) @executable_path/Frameworks @loader_path/Frameworks";
				PRODUCT_BUNDLE_IDENTIFIER = "org.cocoapods.$(PRODUCT_NAME:rfc1034identifier)";
				PRODUCT_NAME = "$(TARGET_NAME)";
				SWIFT_SWIFT3_OBJC_INFERENCE = Default;
				SWIFT_VERSION = 4.0;
			};
			name = Debug;
		};
		607FACF41AFB9204008FA782 /* Release */ = {
			isa = XCBuildConfiguration;
			baseConfigurationReference = 84C1D86390083DF185C460C2 /* Pods-DeepLinkLibrary_Tests.release.xcconfig */;
			buildSettings = {
				FRAMEWORK_SEARCH_PATHS = (
					"$(SDKROOT)/Developer/Library/Frameworks",
					"$(inherited)",
				);
				INFOPLIST_FILE = Tests/Info.plist;
				LD_RUNPATH_SEARCH_PATHS = "$(inherited) @executable_path/Frameworks @loader_path/Frameworks";
				PRODUCT_BUNDLE_IDENTIFIER = "org.cocoapods.$(PRODUCT_NAME:rfc1034identifier)";
				PRODUCT_NAME = "$(TARGET_NAME)";
				SWIFT_SWIFT3_OBJC_INFERENCE = Default;
				SWIFT_VERSION = 4.0;
			};
			name = Release;
		};
		84B6D46C20163CC700B70FF7 /* Debug */ = {
			isa = XCBuildConfiguration;
			buildSettings = {
				CLANG_ANALYZER_NONNULL = YES;
				CLANG_ANALYZER_NUMBER_OBJECT_CONVERSION = YES_AGGRESSIVE;
				CLANG_CXX_LANGUAGE_STANDARD = "gnu++14";
				CLANG_WARN_DOCUMENTATION_COMMENTS = YES;
				CLANG_WARN_UNGUARDED_AVAILABILITY = YES_AGGRESSIVE;
				CODE_SIGN_IDENTITY = "iPhone Developer";
				CODE_SIGN_STYLE = Automatic;
				DEBUG_INFORMATION_FORMAT = dwarf;
				DEVELOPMENT_TEAM = PG4V34R8QT;
				GCC_C_LANGUAGE_STANDARD = gnu11;
				INFOPLIST_FILE = DeepLinkLibrary_ExampleUITests/Info.plist;
				IPHONEOS_DEPLOYMENT_TARGET = 11.2;
				LD_RUNPATH_SEARCH_PATHS = "$(inherited) @executable_path/Frameworks @loader_path/Frameworks";
				PRODUCT_BUNDLE_IDENTIFIER = "ie.giltgroupe.DeepLinkLibrary-ExampleUITests";
				PRODUCT_NAME = "$(TARGET_NAME)";
				SWIFT_ACTIVE_COMPILATION_CONDITIONS = DEBUG;
				SWIFT_VERSION = 4.0;
				TARGETED_DEVICE_FAMILY = "1,2";
				TEST_TARGET_NAME = DeepLinkLibrary_Example;
			};
			name = Debug;
		};
		84B6D46D20163CC700B70FF7 /* Release */ = {
			isa = XCBuildConfiguration;
			buildSettings = {
				CLANG_ANALYZER_NONNULL = YES;
				CLANG_ANALYZER_NUMBER_OBJECT_CONVERSION = YES_AGGRESSIVE;
				CLANG_CXX_LANGUAGE_STANDARD = "gnu++14";
				CLANG_WARN_DOCUMENTATION_COMMENTS = YES;
				CLANG_WARN_UNGUARDED_AVAILABILITY = YES_AGGRESSIVE;
				CODE_SIGN_IDENTITY = "iPhone Developer";
				CODE_SIGN_STYLE = Automatic;
				DEVELOPMENT_TEAM = PG4V34R8QT;
				GCC_C_LANGUAGE_STANDARD = gnu11;
				INFOPLIST_FILE = DeepLinkLibrary_ExampleUITests/Info.plist;
				IPHONEOS_DEPLOYMENT_TARGET = 11.2;
				LD_RUNPATH_SEARCH_PATHS = "$(inherited) @executable_path/Frameworks @loader_path/Frameworks";
				PRODUCT_BUNDLE_IDENTIFIER = "ie.giltgroupe.DeepLinkLibrary-ExampleUITests";
				PRODUCT_NAME = "$(TARGET_NAME)";
				SWIFT_VERSION = 4.0;
				TARGETED_DEVICE_FAMILY = "1,2";
				TEST_TARGET_NAME = DeepLinkLibrary_Example;
			};
			name = Release;
		};
/* End XCBuildConfiguration section */

/* Begin XCConfigurationList section */
		607FACCB1AFB9204008FA782 /* Build configuration list for PBXProject "DeepLinkLibrary" */ = {
			isa = XCConfigurationList;
			buildConfigurations = (
				607FACED1AFB9204008FA782 /* Debug */,
				607FACEE1AFB9204008FA782 /* Release */,
			);
			defaultConfigurationIsVisible = 0;
			defaultConfigurationName = Release;
		};
		607FACEF1AFB9204008FA782 /* Build configuration list for PBXNativeTarget "DeepLinkLibrary_Example" */ = {
			isa = XCConfigurationList;
			buildConfigurations = (
				607FACF01AFB9204008FA782 /* Debug */,
				607FACF11AFB9204008FA782 /* Release */,
			);
			defaultConfigurationIsVisible = 0;
			defaultConfigurationName = Release;
		};
		607FACF21AFB9204008FA782 /* Build configuration list for PBXNativeTarget "DeepLinkLibrary_Tests" */ = {
			isa = XCConfigurationList;
			buildConfigurations = (
				607FACF31AFB9204008FA782 /* Debug */,
				607FACF41AFB9204008FA782 /* Release */,
			);
			defaultConfigurationIsVisible = 0;
			defaultConfigurationName = Release;
		};
		84B6D46E20163CC700B70FF7 /* Build configuration list for PBXNativeTarget "DeepLinkLibrary_ExampleUITests" */ = {
			isa = XCConfigurationList;
			buildConfigurations = (
				84B6D46C20163CC700B70FF7 /* Debug */,
				84B6D46D20163CC700B70FF7 /* Release */,
			);
			defaultConfigurationIsVisible = 0;
			defaultConfigurationName = Release;
		};
/* End XCConfigurationList section */
	};
	rootObject = 607FACC81AFB9204008FA782 /* Project object */;
}
