// !$*UTF8*$!
{
	archiveVersion = 1;
	classes = {
	};
	objectVersion = 46;
	objects = {

/* Begin PBXBuildFile section */
		3964C13C9510D7C17530911E /* Pods_RouteComposer_Example_RouteComposer_Tests.framework in Frameworks */ = {isa = PBXBuildFile; fileRef = A0293FF29C4D706E5D7F4B94 /* Pods_RouteComposer_Example_RouteComposer_Tests.framework */; };
		453BC2E32288C6F100314B33 /* RegistryTests.swift in Sources */ = {isa = PBXBuildFile; fileRef = 453BC2E22288C6F100314B33 /* RegistryTests.swift */; };
		4570AD2A2238769C00809A01 /* ExtrasTest.swift in Sources */ = {isa = PBXBuildFile; fileRef = 4570AD292238769C00809A01 /* ExtrasTest.swift */; };
		607FACD61AFB9204008FA782 /* AppDelegate.swift in Sources */ = {isa = PBXBuildFile; fileRef = 607FACD51AFB9204008FA782 /* AppDelegate.swift */; };
		607FACDB1AFB9204008FA782 /* TabBar.storyboard in Resources */ = {isa = PBXBuildFile; fileRef = 607FACD91AFB9204008FA782 /* TabBar.storyboard */; };
		607FACDD1AFB9204008FA782 /* Images.xcassets in Resources */ = {isa = PBXBuildFile; fileRef = 607FACDC1AFB9204008FA782 /* Images.xcassets */; };
		607FACE01AFB9204008FA782 /* LaunchScreen.xib in Resources */ = {isa = PBXBuildFile; fileRef = 607FACDE1AFB9204008FA782 /* LaunchScreen.xib */; };
		607FACEC1AFB9204008FA782 /* ContainerTests.swift in Sources */ = {isa = PBXBuildFile; fileRef = 607FACEB1AFB9204008FA782 /* ContainerTests.swift */; };
		841DFE532108ADB5007C82D3 /* EmptyFactory.swift in Sources */ = {isa = PBXBuildFile; fileRef = 9AFBCE40E5D93F38F9223D70 /* EmptyFactory.swift */; };
		841DFE552108AE7D007C82D3 /* EmptyContainer.swift in Sources */ = {isa = PBXBuildFile; fileRef = 9AFBC3D8D3AA2C53D5C17952 /* EmptyContainer.swift */; };
		84706C78212AEEDB00980222 /* MultiplexerTest.swift in Sources */ = {isa = PBXBuildFile; fileRef = 84706C77212AEEDB00980222 /* MultiplexerTest.swift */; };
		8479E2F5200E7A4400320380 /* Split.storyboard in Resources */ = {isa = PBXBuildFile; fileRef = 8479E2F1200E7A4400320380 /* Split.storyboard */; };
		8479E2F6200E7A4400320380 /* PromptScreen.storyboard in Resources */ = {isa = PBXBuildFile; fileRef = 8479E2F3200E7A4400320380 /* PromptScreen.storyboard */; };
		8479E30D200E7A7F00320380 /* ExampleConfiguration.swift in Sources */ = {isa = PBXBuildFile; fileRef = 8479E2F8200E7A7F00320380 /* ExampleConfiguration.swift */; };
		8479E30E200E7A7F00320380 /* ExampleScreenTypes.swift in Sources */ = {isa = PBXBuildFile; fileRef = 8479E2F9200E7A7F00320380 /* ExampleScreenTypes.swift */; };
		8479E30F200E7A7F00320380 /* ExampleDestination.swift in Sources */ = {isa = PBXBuildFile; fileRef = 8479E2FA200E7A7F00320380 /* ExampleDestination.swift */; };
		8479E310200E7A7F00320380 /* UIColor.swift in Sources */ = {isa = PBXBuildFile; fileRef = 8479E2FC200E7A7F00320380 /* UIColor.swift */; };
		8479E311200E7A7F00320380 /* ViewController.swift in Sources */ = {isa = PBXBuildFile; fileRef = 8479E2FD200E7A7F00320380 /* ViewController.swift */; };
		8479E312200E7A7F00320380 /* CircleViewController.swift in Sources */ = {isa = PBXBuildFile; fileRef = 8479E2FF200E7A7F00320380 /* CircleViewController.swift */; };
		8479E315200E7A7F00320380 /* ColorViewController.swift in Sources */ = {isa = PBXBuildFile; fileRef = 8479E302200E7A7F00320380 /* ColorViewController.swift */; };
		8479E316200E7A7F00320380 /* FiguresViewController.swift in Sources */ = {isa = PBXBuildFile; fileRef = 8479E303200E7A7F00320380 /* FiguresViewController.swift */; };
		8479E318200E7A7F00320380 /* PromptViewController.swift in Sources */ = {isa = PBXBuildFile; fileRef = 8479E305200E7A7F00320380 /* PromptViewController.swift */; };
		8479E319200E7A7F00320380 /* NavigationDelayInterceptor.swift in Sources */ = {isa = PBXBuildFile; fileRef = 8479E306200E7A7F00320380 /* NavigationDelayInterceptor.swift */; };
		8479E31A200E7A7F00320380 /* SquareViewController.swift in Sources */ = {isa = PBXBuildFile; fileRef = 8479E307200E7A7F00320380 /* SquareViewController.swift */; };
		8479E31C200E7A7F00320380 /* ColorURLTranslator.swift in Sources */ = {isa = PBXBuildFile; fileRef = 8479E30A200E7A7F00320380 /* ColorURLTranslator.swift */; };
		8479E31D200E7A7F00320380 /* ExampleURLTranslator.swift in Sources */ = {isa = PBXBuildFile; fileRef = 8479E30B200E7A7F00320380 /* ExampleURLTranslator.swift */; };
		8479E320200F7D1E00320380 /* Login.storyboard in Resources */ = {isa = PBXBuildFile; fileRef = 8479E31F200F7D1E00320380 /* Login.storyboard */; };
		847D2870202B7DCC004C1EAF /* StarViewController.xib in Resources */ = {isa = PBXBuildFile; fileRef = 847D286E202B7DCC004C1EAF /* StarViewController.xib */; };
		849D12F6213729F10052FD44 /* ContainerViewController.framework in Frameworks */ = {isa = PBXBuildFile; fileRef = 847720D021372458001B6DC9 /* ContainerViewController.framework */; };
		849D12F7213729F10052FD44 /* ContainerViewController.framework in Embed Frameworks */ = {isa = PBXBuildFile; fileRef = 847720D021372458001B6DC9 /* ContainerViewController.framework */; settings = {ATTRIBUTES = (CodeSignOnCopy, RemoveHeadersOnCopy, ); }; };
		849D12FA213729F10052FD44 /* ImagesController.framework in Frameworks */ = {isa = PBXBuildFile; fileRef = 849D12EB213727370052FD44 /* ImagesController.framework */; };
		849D12FB213729F10052FD44 /* ImagesController.framework in Embed Frameworks */ = {isa = PBXBuildFile; fileRef = 849D12EB213727370052FD44 /* ImagesController.framework */; settings = {ATTRIBUTES = (CodeSignOnCopy, RemoveHeadersOnCopy, ); }; };
		849D12FE213729F10052FD44 /* ImageDetailsController.framework in Frameworks */ = {isa = PBXBuildFile; fileRef = 849D12C9213726570052FD44 /* ImageDetailsController.framework */; };
		849D12FF213729F10052FD44 /* ImageDetailsController.framework in Embed Frameworks */ = {isa = PBXBuildFile; fileRef = 849D12C9213726570052FD44 /* ImageDetailsController.framework */; settings = {ATTRIBUTES = (CodeSignOnCopy, RemoveHeadersOnCopy, ); }; };
		84B6D46820163CC700B70FF7 /* RouteComposerExampleUITests.swift in Sources */ = {isa = PBXBuildFile; fileRef = 84B6D46720163CC700B70FF7 /* RouteComposerExampleUITests.swift */; };
		84B76A662040641400D865B1 /* Images.storyboard in Resources */ = {isa = PBXBuildFile; fileRef = 84B76A652040641400D865B1 /* Images.storyboard */; };
		9AFBC0ADE4D123DD36E06972 /* ProductViewController.swift in Sources */ = {isa = PBXBuildFile; fileRef = 9AFBC8F9D2DC7F0960891380 /* ProductViewController.swift */; };
		9AFBC10000C39C385751808C /* CitiesDataModel.swift in Sources */ = {isa = PBXBuildFile; fileRef = 9AFBC4700ACD202B6C4A1205 /* CitiesDataModel.swift */; };
		9AFBC11AB0BE495D5E2959C1 /* LoginConfiguration.swift in Sources */ = {isa = PBXBuildFile; fileRef = 9AFBC6DBFF899EA9831D84D2 /* LoginConfiguration.swift */; };
		9AFBC22EF26E1F76942AC44D /* ProductURLTranslator.swift in Sources */ = {isa = PBXBuildFile; fileRef = 9AFBC94AAA83C5D160B00A8D /* ProductURLTranslator.swift */; };
		9AFBC2C9FD5634435876E1FB /* AssemblyTest.swift in Sources */ = {isa = PBXBuildFile; fileRef = 9AFBC3EAF6F5AD7A7A7D9390 /* AssemblyTest.swift */; };
		9AFBC38029B845FC7C563685 /* RouterTest.swift in Sources */ = {isa = PBXBuildFile; fileRef = 9AFBC407D5F832DE452DD35B /* RouterTest.swift */; };
		9AFBC3DB63861EB552A2CD2E /* ExampleUniversalLinksManager.swift in Sources */ = {isa = PBXBuildFile; fileRef = 9AFBCE44839BD245D30ED19C /* ExampleUniversalLinksManager.swift */; };
		9AFBC3F6DD37FCCE8C0BC6DD /* ImagesWithoutLibraryConfiguration.swift in Sources */ = {isa = PBXBuildFile; fileRef = 9AFBC13BCBBF072FA2CE5A48 /* ImagesWithoutLibraryConfiguration.swift */; };
		9AFBC4085F7930B60F185C0D /* ExampleNavigationController.swift in Sources */ = {isa = PBXBuildFile; fileRef = 9AFBCAC0F2D822F36959DB6E /* ExampleNavigationController.swift */; };
		9AFBC466CF915E3C0F137958 /* ProductConfiguration.swift in Sources */ = {isa = PBXBuildFile; fileRef = 9AFBC7FF9D27A17E57FE525C /* ProductConfiguration.swift */; };
		9AFBC4742A536B8AD7957A1A /* Router+Destination.swift in Sources */ = {isa = PBXBuildFile; fileRef = 9AFBC1E6621E9E1BB4ABDF1C /* Router+Destination.swift */; };
		9AFBC53392657942D199D598 /* WishListConfiguration.swift in Sources */ = {isa = PBXBuildFile; fileRef = 9AFBCE40215C25D16CA6A1FB /* WishListConfiguration.swift */; };
		9AFBC543C6164B0233A6BB88 /* ImageFetcherImpl.swift in Sources */ = {isa = PBXBuildFile; fileRef = 9AFBC5D711BEDBDB3B0C6CA9 /* ImageFetcherImpl.swift */; };
		9AFBC562353240A11591683E /* ExtensionsTest.swift in Sources */ = {isa = PBXBuildFile; fileRef = 9AFBCBC0A933CA5103371E7F /* ExtensionsTest.swift */; };
		9AFBC66443B697ADCC7BB6B7 /* WishListContext.swift in Sources */ = {isa = PBXBuildFile; fileRef = 9AFBC16A7AED73A4F3C744F7 /* WishListContext.swift */; };
		9AFBC671594F870853085645 /* BoxTest.swift in Sources */ = {isa = PBXBuildFile; fileRef = 9AFBCADE90377FF3B7BBF7F2 /* BoxTest.swift */; };
		9AFBC6940E3775878A0E3923 /* ExampleGenericContextTask.swift in Sources */ = {isa = PBXBuildFile; fileRef = 9AFBC560E37AAA325DCE89ED /* ExampleGenericContextTask.swift */; };
		9AFBC6A3A55CCF3FC18F1978 /* ImagesConfigurationWithLibrary.swift in Sources */ = {isa = PBXBuildFile; fileRef = 9AFBC5AF9638E4E5B1D1E443 /* ImagesConfigurationWithLibrary.swift */; };
		9AFBC6DD79F2059D9547629A /* ImagesFactory.swift in Sources */ = {isa = PBXBuildFile; fileRef = 9AFBC7681CD469FE6EB77EC1 /* ImagesFactory.swift */; };
		9AFBC71B05DD36CEA9519B11 /* ImageDetailsFetcherImpl.swift in Sources */ = {isa = PBXBuildFile; fileRef = 9AFBC33219CADD6450A6392E /* ImageDetailsFetcherImpl.swift */; };
		9AFBC7B044DF4416BD93D7C5 /* FinderTests.swift in Sources */ = {isa = PBXBuildFile; fileRef = 9AFBC067DF4E4C264D1840B2 /* FinderTests.swift */; };
		9AFBC82E50CBF47FB0A0F2D1 /* CityURLTranslator.swift in Sources */ = {isa = PBXBuildFile; fileRef = 9AFBCE5527D371C559C69F9E /* CityURLTranslator.swift */; };
		9AFBC846927D38441DCA0296 /* WishListViewController.swift in Sources */ = {isa = PBXBuildFile; fileRef = 9AFBC80C4D57303B27914E81 /* WishListViewController.swift */; };
		9AFBC85A77E2623434CDC7B1 /* CustomContainerFactory.swift in Sources */ = {isa = PBXBuildFile; fileRef = 9AFBC00AF5B223BFDB589161 /* CustomContainerFactory.swift */; };
		9AFBC8F0C0631FA73ACA2199 /* BlurredBackgroundPresentationController.swift in Sources */ = {isa = PBXBuildFile; fileRef = 9AFBCAF8448C6C949CE3A212 /* BlurredBackgroundPresentationController.swift */; };
		9AFBC8F26FFD83B86954182F /* ImagesWithoutLibraryHandler.swift in Sources */ = {isa = PBXBuildFile; fileRef = 9AFBCC67E59C161432003A86 /* ImagesWithoutLibraryHandler.swift */; };
		9AFBC915C2F461136B5C1B0D /* SecondModalLevelViewController.swift in Sources */ = {isa = PBXBuildFile; fileRef = 9AFBCAF24C0CD80E0D369EEA /* SecondModalLevelViewController.swift */; };
		9AFBC91DEB7FCDC286B6AD17 /* WishListContextTask.swift in Sources */ = {isa = PBXBuildFile; fileRef = 9AFBCFA7F490C53D17BA5B40 /* WishListContextTask.swift */; };
		9AFBC98004695AD801CF23AD /* DestinationStepTests.swift in Sources */ = {isa = PBXBuildFile; fileRef = 9AFBCBADEEB6A4EDCAD336BF /* DestinationStepTests.swift */; };
		9AFBC9C5E791E8BD9A19B381 /* ImageDetailsFactory.swift in Sources */ = {isa = PBXBuildFile; fileRef = 9AFBC26291C67F9F347F8654 /* ImageDetailsFactory.swift */; };
		9AFBC9EF2EE81E6DB9472570 /* FactoryTest.swift in Sources */ = {isa = PBXBuildFile; fileRef = 9AFBCCA9057265F79C745920 /* FactoryTest.swift */; };
		9AFBCA728DF14FD91F5AC570 /* StarViewController.swift in Sources */ = {isa = PBXBuildFile; fileRef = 9AFBC0A54CF3E1EFC4DB61C0 /* StarViewController.swift */; };
		9AFBCAFFB71568FAE9054699 /* CitiesTableViewController.swift in Sources */ = {isa = PBXBuildFile; fileRef = 9AFBCA4291DB4A6D2A47E5F2 /* CitiesTableViewController.swift */; };
		9AFBCB1EA868F677EA54C083 /* ExampleAnalyticsSupport.swift in Sources */ = {isa = PBXBuildFile; fileRef = 9AFBCEB028743A7AC55E1CA6 /* ExampleAnalyticsSupport.swift */; };
		9AFBCBB5F4DDE646EAFA437B /* LoginViewController.swift in Sources */ = {isa = PBXBuildFile; fileRef = 9AFBCCCF499676D25E68FECA /* LoginViewController.swift */; };
		9AFBCD01AB3423FA82D68DBA /* BlurredBackgroundTransitionController.swift in Sources */ = {isa = PBXBuildFile; fileRef = 9AFBC94F95A324DC60F78C23 /* BlurredBackgroundTransitionController.swift */; };
		9AFBCD5CF0DEF693CAB30502 /* ActionTests.swift in Sources */ = {isa = PBXBuildFile; fileRef = 9AFBC6E7758A004A731A9B41 /* ActionTests.swift */; };
		9AFBCD815ADC0CDEC67CA6DB /* ImagesWithLibraryHandler.swift in Sources */ = {isa = PBXBuildFile; fileRef = 9AFBC4C7C2E35FE2903E13AB /* ImagesWithLibraryHandler.swift */; };
		9AFBCDDD13172281D4368E6C /* CitiesConfiguration.swift in Sources */ = {isa = PBXBuildFile; fileRef = 9AFBC94CF26AB11E181F7B00 /* CitiesConfiguration.swift */; };
		9AFBCE52F3DE5262483447AD /* AnalyticsRouterDecorator.swift in Sources */ = {isa = PBXBuildFile; fileRef = 9AFBC55773371781E5054506 /* AnalyticsRouterDecorator.swift */; };
		9AFBCE57C0F8CE5FA2C71E57 /* BlurredBackgroundTransitionAnimator.swift in Sources */ = {isa = PBXBuildFile; fileRef = 9AFBC8BFC3348903C80F7D63 /* BlurredBackgroundTransitionAnimator.swift */; };
		9AFBCF519040E699D130072D /* CityDetailViewController.swift in Sources */ = {isa = PBXBuildFile; fileRef = 9AFBC949B2D2D4B8D636B565 /* CityDetailViewController.swift */; };
		D611D285DB9C77E5E7D8FBF7 /* Pods_RouteComposer_Example.framework in Frameworks */ = {isa = PBXBuildFile; fileRef = AD8FADE9265A4CD86A75FD85 /* Pods_RouteComposer_Example.framework */; };
		EF158CB848B405D553F272A8 /* ErrorTest.swift in Sources */ = {isa = PBXBuildFile; fileRef = EF158F4B4B31525D5844012E /* ErrorTest.swift */; };
/* End PBXBuildFile section */

/* Begin PBXContainerItemProxy section */
		607FACE61AFB9204008FA782 /* PBXContainerItemProxy */ = {
			isa = PBXContainerItemProxy;
			containerPortal = 607FACC81AFB9204008FA782 /* Project object */;
			proxyType = 1;
			remoteGlobalIDString = 607FACCF1AFB9204008FA782;
			remoteInfo = RouteComposer;
		};
		847720CF21372458001B6DC9 /* PBXContainerItemProxy */ = {
			isa = PBXContainerItemProxy;
			containerPortal = 847720CB21372458001B6DC9 /* ContainerViewController.xcodeproj */;
			proxyType = 2;
			remoteGlobalIDString = 847720C021372418001B6DC9;
			remoteInfo = ContainerViewController;
		};
		849D12C8213726570052FD44 /* PBXContainerItemProxy */ = {
			isa = PBXContainerItemProxy;
			containerPortal = 849D12C3213726570052FD44 /* ImageDetailsController.xcodeproj */;
			proxyType = 2;
			remoteGlobalIDString = 849D12B82137263A0052FD44;
			remoteInfo = ImageDetailsController;
		};
		849D12EA213727370052FD44 /* PBXContainerItemProxy */ = {
			isa = PBXContainerItemProxy;
			containerPortal = 849D12E6213727370052FD44 /* ImagesController.xcodeproj */;
			proxyType = 2;
			remoteGlobalIDString = 849D12DB213727220052FD44;
			remoteInfo = ImagesController;
		};
		849D12F8213729F10052FD44 /* PBXContainerItemProxy */ = {
			isa = PBXContainerItemProxy;
			containerPortal = 847720CB21372458001B6DC9 /* ContainerViewController.xcodeproj */;
			proxyType = 1;
			remoteGlobalIDString = 847720BF21372418001B6DC9;
			remoteInfo = ContainerViewController;
		};
		849D12FC213729F10052FD44 /* PBXContainerItemProxy */ = {
			isa = PBXContainerItemProxy;
			containerPortal = 849D12E6213727370052FD44 /* ImagesController.xcodeproj */;
			proxyType = 1;
			remoteGlobalIDString = 849D12DA213727220052FD44;
			remoteInfo = ImagesController;
		};
		849D1300213729F10052FD44 /* PBXContainerItemProxy */ = {
			isa = PBXContainerItemProxy;
			containerPortal = 849D12C3213726570052FD44 /* ImageDetailsController.xcodeproj */;
			proxyType = 1;
			remoteGlobalIDString = 849D12B72137263A0052FD44;
			remoteInfo = ImageDetailsController;
		};
		84B6D46A20163CC700B70FF7 /* PBXContainerItemProxy */ = {
			isa = PBXContainerItemProxy;
			containerPortal = 607FACC81AFB9204008FA782 /* Project object */;
			proxyType = 1;
			remoteGlobalIDString = 607FACCF1AFB9204008FA782;
			remoteInfo = RouteComposer_Example;
		};
/* End PBXContainerItemProxy section */

/* Begin PBXCopyFilesBuildPhase section */
		849D1302213729F10052FD44 /* Embed Frameworks */ = {
			isa = PBXCopyFilesBuildPhase;
			buildActionMask = 2147483647;
			dstPath = "";
			dstSubfolderSpec = 10;
			files = (
				849D12FB213729F10052FD44 /* ImagesController.framework in Embed Frameworks */,
				849D12FF213729F10052FD44 /* ImageDetailsController.framework in Embed Frameworks */,
				849D12F7213729F10052FD44 /* ContainerViewController.framework in Embed Frameworks */,
			);
			name = "Embed Frameworks";
			runOnlyForDeploymentPostprocessing = 0;
		};
/* End PBXCopyFilesBuildPhase section */

/* Begin PBXFileReference section */
		0B068CD8E2A01AE34431EC7F /* Pods-RouteComposer_Example-RouteComposer_Tests.release.xcconfig */ = {isa = PBXFileReference; includeInIndex = 1; lastKnownFileType = text.xcconfig; name = "Pods-RouteComposer_Example-RouteComposer_Tests.release.xcconfig"; path = "Pods/Target Support Files/Pods-RouteComposer_Example-RouteComposer_Tests/Pods-RouteComposer_Example-RouteComposer_Tests.release.xcconfig"; sourceTree = "<group>"; };
		453BC2E22288C6F100314B33 /* RegistryTests.swift */ = {isa = PBXFileReference; lastKnownFileType = sourcecode.swift; path = RegistryTests.swift; sourceTree = "<group>"; };
		4570AD292238769C00809A01 /* ExtrasTest.swift */ = {isa = PBXFileReference; lastKnownFileType = sourcecode.swift; path = ExtrasTest.swift; sourceTree = "<group>"; };
		4D016BC78C8FFDC66C0F661D /* RouteComposer.podspec */ = {isa = PBXFileReference; includeInIndex = 1; lastKnownFileType = text; name = RouteComposer.podspec; path = ../RouteComposer.podspec; sourceTree = "<group>"; xcLanguageSpecificationIdentifier = xcode.lang.ruby; };
		4D5D44CE2FD3DEAA3108C874 /* Pods_RouteComposer_Tests.framework */ = {isa = PBXFileReference; explicitFileType = wrapper.framework; includeInIndex = 0; path = Pods_RouteComposer_Tests.framework; sourceTree = BUILT_PRODUCTS_DIR; };
		523DE209C4401E98B0605566 /* LICENSE */ = {isa = PBXFileReference; includeInIndex = 1; lastKnownFileType = text; name = LICENSE; path = ../LICENSE; sourceTree = "<group>"; };
		607FACD01AFB9204008FA782 /* RouteComposer_Example.app */ = {isa = PBXFileReference; explicitFileType = wrapper.application; includeInIndex = 0; path = RouteComposer_Example.app; sourceTree = BUILT_PRODUCTS_DIR; };
		607FACD41AFB9204008FA782 /* Info.plist */ = {isa = PBXFileReference; lastKnownFileType = text.plist.xml; path = Info.plist; sourceTree = "<group>"; };
		607FACD51AFB9204008FA782 /* AppDelegate.swift */ = {isa = PBXFileReference; lastKnownFileType = sourcecode.swift; path = AppDelegate.swift; sourceTree = "<group>"; };
		607FACDA1AFB9204008FA782 /* Base */ = {isa = PBXFileReference; lastKnownFileType = file.storyboard; name = Base; path = Base.lproj/TabBar.storyboard; sourceTree = "<group>"; };
		607FACDC1AFB9204008FA782 /* Images.xcassets */ = {isa = PBXFileReference; lastKnownFileType = folder.assetcatalog; path = Images.xcassets; sourceTree = "<group>"; };
		607FACDF1AFB9204008FA782 /* Base */ = {isa = PBXFileReference; lastKnownFileType = file.xib; name = Base; path = Base.lproj/LaunchScreen.xib; sourceTree = "<group>"; };
		607FACE51AFB9204008FA782 /* RouteComposer_Tests.xctest */ = {isa = PBXFileReference; explicitFileType = wrapper.cfbundle; includeInIndex = 0; path = RouteComposer_Tests.xctest; sourceTree = BUILT_PRODUCTS_DIR; };
		607FACEA1AFB9204008FA782 /* Info.plist */ = {isa = PBXFileReference; lastKnownFileType = text.plist.xml; path = Info.plist; sourceTree = "<group>"; };
		607FACEB1AFB9204008FA782 /* ContainerTests.swift */ = {isa = PBXFileReference; lastKnownFileType = sourcecode.swift; path = ContainerTests.swift; sourceTree = "<group>"; };
		84706C77212AEEDB00980222 /* MultiplexerTest.swift */ = {isa = PBXFileReference; lastKnownFileType = sourcecode.swift; path = MultiplexerTest.swift; sourceTree = "<group>"; };
		847720CB21372458001B6DC9 /* ContainerViewController.xcodeproj */ = {isa = PBXFileReference; lastKnownFileType = "wrapper.pb-project"; name = ContainerViewController.xcodeproj; path = RouteComposer/Libraries/ContainerViewController/ContainerViewController.xcodeproj; sourceTree = SOURCE_ROOT; };
		8479E2F2200E7A4400320380 /* Base */ = {isa = PBXFileReference; lastKnownFileType = file.storyboard; name = Base; path = Base.lproj/Split.storyboard; sourceTree = "<group>"; };
		8479E2F4200E7A4400320380 /* Base */ = {isa = PBXFileReference; lastKnownFileType = file.storyboard; name = Base; path = Base.lproj/PromptScreen.storyboard; sourceTree = "<group>"; };
		8479E2F8200E7A7F00320380 /* ExampleConfiguration.swift */ = {isa = PBXFileReference; fileEncoding = 4; lastKnownFileType = sourcecode.swift; path = ExampleConfiguration.swift; sourceTree = "<group>"; };
		8479E2F9200E7A7F00320380 /* ExampleScreenTypes.swift */ = {isa = PBXFileReference; fileEncoding = 4; lastKnownFileType = sourcecode.swift; path = ExampleScreenTypes.swift; sourceTree = "<group>"; };
		8479E2FA200E7A7F00320380 /* ExampleDestination.swift */ = {isa = PBXFileReference; fileEncoding = 4; lastKnownFileType = sourcecode.swift; path = ExampleDestination.swift; sourceTree = "<group>"; };
		8479E2FC200E7A7F00320380 /* UIColor.swift */ = {isa = PBXFileReference; fileEncoding = 4; lastKnownFileType = sourcecode.swift; path = UIColor.swift; sourceTree = "<group>"; };
		8479E2FD200E7A7F00320380 /* ViewController.swift */ = {isa = PBXFileReference; fileEncoding = 4; lastKnownFileType = sourcecode.swift; path = ViewController.swift; sourceTree = "<group>"; };
		8479E2FF200E7A7F00320380 /* CircleViewController.swift */ = {isa = PBXFileReference; fileEncoding = 4; lastKnownFileType = sourcecode.swift; path = CircleViewController.swift; sourceTree = "<group>"; };
		8479E302200E7A7F00320380 /* ColorViewController.swift */ = {isa = PBXFileReference; fileEncoding = 4; lastKnownFileType = sourcecode.swift; path = ColorViewController.swift; sourceTree = "<group>"; };
		8479E303200E7A7F00320380 /* FiguresViewController.swift */ = {isa = PBXFileReference; fileEncoding = 4; lastKnownFileType = sourcecode.swift; path = FiguresViewController.swift; sourceTree = "<group>"; };
		8479E305200E7A7F00320380 /* PromptViewController.swift */ = {isa = PBXFileReference; fileEncoding = 4; lastKnownFileType = sourcecode.swift; path = PromptViewController.swift; sourceTree = "<group>"; };
		8479E306200E7A7F00320380 /* NavigationDelayInterceptor.swift */ = {isa = PBXFileReference; fileEncoding = 4; lastKnownFileType = sourcecode.swift; path = NavigationDelayInterceptor.swift; sourceTree = "<group>"; };
		8479E307200E7A7F00320380 /* SquareViewController.swift */ = {isa = PBXFileReference; fileEncoding = 4; lastKnownFileType = sourcecode.swift; path = SquareViewController.swift; sourceTree = "<group>"; };
		8479E30A200E7A7F00320380 /* ColorURLTranslator.swift */ = {isa = PBXFileReference; fileEncoding = 4; lastKnownFileType = sourcecode.swift; path = ColorURLTranslator.swift; sourceTree = "<group>"; };
		8479E30B200E7A7F00320380 /* ExampleURLTranslator.swift */ = {isa = PBXFileReference; fileEncoding = 4; lastKnownFileType = sourcecode.swift; path = ExampleURLTranslator.swift; sourceTree = "<group>"; };
		8479E31F200F7D1E00320380 /* Login.storyboard */ = {isa = PBXFileReference; lastKnownFileType = file.storyboard; path = Login.storyboard; sourceTree = "<group>"; };
		847D286F202B7DCC004C1EAF /* Base */ = {isa = PBXFileReference; lastKnownFileType = file.xib; name = Base; path = Base.lproj/StarViewController.xib; sourceTree = "<group>"; };
		849D12C3213726570052FD44 /* ImageDetailsController.xcodeproj */ = {isa = PBXFileReference; lastKnownFileType = "wrapper.pb-project"; name = ImageDetailsController.xcodeproj; path = RouteComposer/Libraries/ImageDetailsController/ImageDetailsController.xcodeproj; sourceTree = SOURCE_ROOT; };
		849D12E6213727370052FD44 /* ImagesController.xcodeproj */ = {isa = PBXFileReference; lastKnownFileType = "wrapper.pb-project"; name = ImagesController.xcodeproj; path = RouteComposer/Libraries/ImagesController/ImagesController.xcodeproj; sourceTree = SOURCE_ROOT; };
		84B6D46520163CC700B70FF7 /* RouteComposer_ExampleUITests.xctest */ = {isa = PBXFileReference; explicitFileType = wrapper.cfbundle; includeInIndex = 0; path = RouteComposer_ExampleUITests.xctest; sourceTree = BUILT_PRODUCTS_DIR; };
		84B6D46720163CC700B70FF7 /* RouteComposerExampleUITests.swift */ = {isa = PBXFileReference; lastKnownFileType = sourcecode.swift; path = RouteComposerExampleUITests.swift; sourceTree = "<group>"; };
		84B6D46920163CC700B70FF7 /* Info.plist */ = {isa = PBXFileReference; lastKnownFileType = text.plist.xml; path = Info.plist; sourceTree = "<group>"; };
		84B76A652040641400D865B1 /* Images.storyboard */ = {isa = PBXFileReference; lastKnownFileType = file.storyboard; path = Images.storyboard; sourceTree = "<group>"; };
		9AFBC00AF5B223BFDB589161 /* CustomContainerFactory.swift */ = {isa = PBXFileReference; fileEncoding = 4; lastKnownFileType = sourcecode.swift; path = CustomContainerFactory.swift; sourceTree = "<group>"; };
		9AFBC067DF4E4C264D1840B2 /* FinderTests.swift */ = {isa = PBXFileReference; fileEncoding = 4; lastKnownFileType = sourcecode.swift; path = FinderTests.swift; sourceTree = "<group>"; };
		9AFBC0A54CF3E1EFC4DB61C0 /* StarViewController.swift */ = {isa = PBXFileReference; fileEncoding = 4; lastKnownFileType = sourcecode.swift; path = StarViewController.swift; sourceTree = "<group>"; };
		9AFBC13BCBBF072FA2CE5A48 /* ImagesWithoutLibraryConfiguration.swift */ = {isa = PBXFileReference; fileEncoding = 4; lastKnownFileType = sourcecode.swift; path = ImagesWithoutLibraryConfiguration.swift; sourceTree = "<group>"; };
		9AFBC16A7AED73A4F3C744F7 /* WishListContext.swift */ = {isa = PBXFileReference; fileEncoding = 4; lastKnownFileType = sourcecode.swift; path = WishListContext.swift; sourceTree = "<group>"; };
		9AFBC1E6621E9E1BB4ABDF1C /* Router+Destination.swift */ = {isa = PBXFileReference; fileEncoding = 4; lastKnownFileType = sourcecode.swift; path = "Router+Destination.swift"; sourceTree = "<group>"; };
		9AFBC26291C67F9F347F8654 /* ImageDetailsFactory.swift */ = {isa = PBXFileReference; fileEncoding = 4; lastKnownFileType = sourcecode.swift; path = ImageDetailsFactory.swift; sourceTree = "<group>"; };
		9AFBC33219CADD6450A6392E /* ImageDetailsFetcherImpl.swift */ = {isa = PBXFileReference; fileEncoding = 4; lastKnownFileType = sourcecode.swift; path = ImageDetailsFetcherImpl.swift; sourceTree = "<group>"; };
		9AFBC3D8D3AA2C53D5C17952 /* EmptyContainer.swift */ = {isa = PBXFileReference; fileEncoding = 4; lastKnownFileType = sourcecode.swift; path = EmptyContainer.swift; sourceTree = "<group>"; };
		9AFBC3EAF6F5AD7A7A7D9390 /* AssemblyTest.swift */ = {isa = PBXFileReference; fileEncoding = 4; lastKnownFileType = sourcecode.swift; path = AssemblyTest.swift; sourceTree = "<group>"; };
		9AFBC407D5F832DE452DD35B /* RouterTest.swift */ = {isa = PBXFileReference; fileEncoding = 4; lastKnownFileType = sourcecode.swift; path = RouterTest.swift; sourceTree = "<group>"; };
		9AFBC4700ACD202B6C4A1205 /* CitiesDataModel.swift */ = {isa = PBXFileReference; fileEncoding = 4; lastKnownFileType = sourcecode.swift; path = CitiesDataModel.swift; sourceTree = "<group>"; };
		9AFBC4C7C2E35FE2903E13AB /* ImagesWithLibraryHandler.swift */ = {isa = PBXFileReference; fileEncoding = 4; lastKnownFileType = sourcecode.swift; path = ImagesWithLibraryHandler.swift; sourceTree = "<group>"; };
		9AFBC55773371781E5054506 /* AnalyticsRouterDecorator.swift */ = {isa = PBXFileReference; fileEncoding = 4; lastKnownFileType = sourcecode.swift; path = AnalyticsRouterDecorator.swift; sourceTree = "<group>"; };
		9AFBC560E37AAA325DCE89ED /* ExampleGenericContextTask.swift */ = {isa = PBXFileReference; fileEncoding = 4; lastKnownFileType = sourcecode.swift; path = ExampleGenericContextTask.swift; sourceTree = "<group>"; };
		9AFBC5AF9638E4E5B1D1E443 /* ImagesConfigurationWithLibrary.swift */ = {isa = PBXFileReference; fileEncoding = 4; lastKnownFileType = sourcecode.swift; path = ImagesConfigurationWithLibrary.swift; sourceTree = "<group>"; };
		9AFBC5D711BEDBDB3B0C6CA9 /* ImageFetcherImpl.swift */ = {isa = PBXFileReference; fileEncoding = 4; lastKnownFileType = sourcecode.swift; path = ImageFetcherImpl.swift; sourceTree = "<group>"; };
		9AFBC6DBFF899EA9831D84D2 /* LoginConfiguration.swift */ = {isa = PBXFileReference; fileEncoding = 4; lastKnownFileType = sourcecode.swift; path = LoginConfiguration.swift; sourceTree = "<group>"; };
		9AFBC6E7758A004A731A9B41 /* ActionTests.swift */ = {isa = PBXFileReference; fileEncoding = 4; lastKnownFileType = sourcecode.swift; path = ActionTests.swift; sourceTree = "<group>"; };
		9AFBC7681CD469FE6EB77EC1 /* ImagesFactory.swift */ = {isa = PBXFileReference; fileEncoding = 4; lastKnownFileType = sourcecode.swift; path = ImagesFactory.swift; sourceTree = "<group>"; };
		9AFBC7FF9D27A17E57FE525C /* ProductConfiguration.swift */ = {isa = PBXFileReference; fileEncoding = 4; lastKnownFileType = sourcecode.swift; path = ProductConfiguration.swift; sourceTree = "<group>"; };
		9AFBC80C4D57303B27914E81 /* WishListViewController.swift */ = {isa = PBXFileReference; fileEncoding = 4; lastKnownFileType = sourcecode.swift; path = WishListViewController.swift; sourceTree = "<group>"; };
		9AFBC8BFC3348903C80F7D63 /* BlurredBackgroundTransitionAnimator.swift */ = {isa = PBXFileReference; fileEncoding = 4; lastKnownFileType = sourcecode.swift; path = BlurredBackgroundTransitionAnimator.swift; sourceTree = "<group>"; };
		9AFBC8F9D2DC7F0960891380 /* ProductViewController.swift */ = {isa = PBXFileReference; fileEncoding = 4; lastKnownFileType = sourcecode.swift; path = ProductViewController.swift; sourceTree = "<group>"; };
		9AFBC949B2D2D4B8D636B565 /* CityDetailViewController.swift */ = {isa = PBXFileReference; fileEncoding = 4; lastKnownFileType = sourcecode.swift; path = CityDetailViewController.swift; sourceTree = "<group>"; };
		9AFBC94AAA83C5D160B00A8D /* ProductURLTranslator.swift */ = {isa = PBXFileReference; fileEncoding = 4; lastKnownFileType = sourcecode.swift; path = ProductURLTranslator.swift; sourceTree = "<group>"; };
		9AFBC94CF26AB11E181F7B00 /* CitiesConfiguration.swift */ = {isa = PBXFileReference; fileEncoding = 4; lastKnownFileType = sourcecode.swift; path = CitiesConfiguration.swift; sourceTree = "<group>"; };
		9AFBC94F95A324DC60F78C23 /* BlurredBackgroundTransitionController.swift */ = {isa = PBXFileReference; fileEncoding = 4; lastKnownFileType = sourcecode.swift; path = BlurredBackgroundTransitionController.swift; sourceTree = "<group>"; };
		9AFBCA4291DB4A6D2A47E5F2 /* CitiesTableViewController.swift */ = {isa = PBXFileReference; fileEncoding = 4; lastKnownFileType = sourcecode.swift; path = CitiesTableViewController.swift; sourceTree = "<group>"; };
		9AFBCAC0F2D822F36959DB6E /* ExampleNavigationController.swift */ = {isa = PBXFileReference; fileEncoding = 4; lastKnownFileType = sourcecode.swift; path = ExampleNavigationController.swift; sourceTree = "<group>"; };
		9AFBCADE90377FF3B7BBF7F2 /* BoxTest.swift */ = {isa = PBXFileReference; fileEncoding = 4; lastKnownFileType = sourcecode.swift; path = BoxTest.swift; sourceTree = "<group>"; };
		9AFBCAF24C0CD80E0D369EEA /* SecondModalLevelViewController.swift */ = {isa = PBXFileReference; fileEncoding = 4; lastKnownFileType = sourcecode.swift; path = SecondModalLevelViewController.swift; sourceTree = "<group>"; };
		9AFBCAF8448C6C949CE3A212 /* BlurredBackgroundPresentationController.swift */ = {isa = PBXFileReference; fileEncoding = 4; lastKnownFileType = sourcecode.swift; path = BlurredBackgroundPresentationController.swift; sourceTree = "<group>"; };
		9AFBCBADEEB6A4EDCAD336BF /* DestinationStepTests.swift */ = {isa = PBXFileReference; fileEncoding = 4; lastKnownFileType = sourcecode.swift; path = DestinationStepTests.swift; sourceTree = "<group>"; };
		9AFBCBC0A933CA5103371E7F /* ExtensionsTest.swift */ = {isa = PBXFileReference; fileEncoding = 4; lastKnownFileType = sourcecode.swift; path = ExtensionsTest.swift; sourceTree = "<group>"; };
		9AFBCC67E59C161432003A86 /* ImagesWithoutLibraryHandler.swift */ = {isa = PBXFileReference; fileEncoding = 4; lastKnownFileType = sourcecode.swift; path = ImagesWithoutLibraryHandler.swift; sourceTree = "<group>"; };
		9AFBCCA9057265F79C745920 /* FactoryTest.swift */ = {isa = PBXFileReference; fileEncoding = 4; lastKnownFileType = sourcecode.swift; path = FactoryTest.swift; sourceTree = "<group>"; };
		9AFBCCCF499676D25E68FECA /* LoginViewController.swift */ = {isa = PBXFileReference; fileEncoding = 4; lastKnownFileType = sourcecode.swift; path = LoginViewController.swift; sourceTree = "<group>"; };
		9AFBCE40215C25D16CA6A1FB /* WishListConfiguration.swift */ = {isa = PBXFileReference; fileEncoding = 4; lastKnownFileType = sourcecode.swift; path = WishListConfiguration.swift; sourceTree = "<group>"; };
		9AFBCE40E5D93F38F9223D70 /* EmptyFactory.swift */ = {isa = PBXFileReference; fileEncoding = 4; lastKnownFileType = sourcecode.swift; path = EmptyFactory.swift; sourceTree = "<group>"; };
		9AFBCE44839BD245D30ED19C /* ExampleUniversalLinksManager.swift */ = {isa = PBXFileReference; fileEncoding = 4; lastKnownFileType = sourcecode.swift; path = ExampleUniversalLinksManager.swift; sourceTree = "<group>"; };
		9AFBCE5527D371C559C69F9E /* CityURLTranslator.swift */ = {isa = PBXFileReference; fileEncoding = 4; lastKnownFileType = sourcecode.swift; path = CityURLTranslator.swift; sourceTree = "<group>"; };
		9AFBCEB028743A7AC55E1CA6 /* ExampleAnalyticsSupport.swift */ = {isa = PBXFileReference; fileEncoding = 4; lastKnownFileType = sourcecode.swift; path = ExampleAnalyticsSupport.swift; sourceTree = "<group>"; };
		9AFBCFA7F490C53D17BA5B40 /* WishListContextTask.swift */ = {isa = PBXFileReference; fileEncoding = 4; lastKnownFileType = sourcecode.swift; path = WishListContextTask.swift; sourceTree = "<group>"; };
		9E4BEAE755C13F946AD18B6A /* Pods-RouteComposer_Example-RouteComposer_Tests.debug.xcconfig */ = {isa = PBXFileReference; includeInIndex = 1; lastKnownFileType = text.xcconfig; name = "Pods-RouteComposer_Example-RouteComposer_Tests.debug.xcconfig"; path = "Pods/Target Support Files/Pods-RouteComposer_Example-RouteComposer_Tests/Pods-RouteComposer_Example-RouteComposer_Tests.debug.xcconfig"; sourceTree = "<group>"; };
		A0293FF29C4D706E5D7F4B94 /* Pods_RouteComposer_Example_RouteComposer_Tests.framework */ = {isa = PBXFileReference; explicitFileType = wrapper.framework; includeInIndex = 0; path = Pods_RouteComposer_Example_RouteComposer_Tests.framework; sourceTree = BUILT_PRODUCTS_DIR; };
		AD8FADE9265A4CD86A75FD85 /* Pods_RouteComposer_Example.framework */ = {isa = PBXFileReference; explicitFileType = wrapper.framework; includeInIndex = 0; path = Pods_RouteComposer_Example.framework; sourceTree = BUILT_PRODUCTS_DIR; };
		E7AC8603E217ACA9BCF1FAC2 /* Pods-RouteComposer_Example.release.xcconfig */ = {isa = PBXFileReference; includeInIndex = 1; lastKnownFileType = text.xcconfig; name = "Pods-RouteComposer_Example.release.xcconfig"; path = "Pods/Target Support Files/Pods-RouteComposer_Example/Pods-RouteComposer_Example.release.xcconfig"; sourceTree = "<group>"; };
		EE3371C14DEE61C1E517B2F9 /* Pods-RouteComposer_Example.debug.xcconfig */ = {isa = PBXFileReference; includeInIndex = 1; lastKnownFileType = text.xcconfig; name = "Pods-RouteComposer_Example.debug.xcconfig"; path = "Pods/Target Support Files/Pods-RouteComposer_Example/Pods-RouteComposer_Example.debug.xcconfig"; sourceTree = "<group>"; };
		EF1584F5E4B89D2045CDF5FA /* CONTRIBUTING.md */ = {isa = PBXFileReference; fileEncoding = 4; lastKnownFileType = net.daringfireball.markdown; name = CONTRIBUTING.md; path = ../CONTRIBUTING.md; sourceTree = "<group>"; };
		EF158F4B4B31525D5844012E /* ErrorTest.swift */ = {isa = PBXFileReference; fileEncoding = 4; lastKnownFileType = sourcecode.swift; path = ErrorTest.swift; sourceTree = "<group>"; };
/* End PBXFileReference section */

/* Begin PBXFrameworksBuildPhase section */
		607FACCD1AFB9204008FA782 /* Frameworks */ = {
			isa = PBXFrameworksBuildPhase;
			buildActionMask = 2147483647;
			files = (
				D611D285DB9C77E5E7D8FBF7 /* Pods_RouteComposer_Example.framework in Frameworks */,
				849D12F6213729F10052FD44 /* ContainerViewController.framework in Frameworks */,
				849D12FE213729F10052FD44 /* ImageDetailsController.framework in Frameworks */,
				849D12FA213729F10052FD44 /* ImagesController.framework in Frameworks */,
			);
			runOnlyForDeploymentPostprocessing = 0;
		};
		607FACE21AFB9204008FA782 /* Frameworks */ = {
			isa = PBXFrameworksBuildPhase;
			buildActionMask = 2147483647;
			files = (
				3964C13C9510D7C17530911E /* Pods_RouteComposer_Example_RouteComposer_Tests.framework in Frameworks */,
			);
			runOnlyForDeploymentPostprocessing = 0;
		};
		84B6D46220163CC700B70FF7 /* Frameworks */ = {
			isa = PBXFrameworksBuildPhase;
			buildActionMask = 2147483647;
			files = (
			);
			runOnlyForDeploymentPostprocessing = 0;
		};
/* End PBXFrameworksBuildPhase section */

/* Begin PBXGroup section */
		079F2B751A1ED1AA45C29C22 /* Pods */ = {
			isa = PBXGroup;
			children = (
				EE3371C14DEE61C1E517B2F9 /* Pods-RouteComposer_Example.debug.xcconfig */,
				E7AC8603E217ACA9BCF1FAC2 /* Pods-RouteComposer_Example.release.xcconfig */,
				9E4BEAE755C13F946AD18B6A /* Pods-RouteComposer_Example-RouteComposer_Tests.debug.xcconfig */,
				0B068CD8E2A01AE34431EC7F /* Pods-RouteComposer_Example-RouteComposer_Tests.release.xcconfig */,
			);
			name = Pods;
			sourceTree = "<group>";
		};
		607FACC71AFB9204008FA782 = {
			isa = PBXGroup;
			children = (
				607FACF51AFB993E008FA782 /* Podspec Metadata */,
				607FACD21AFB9204008FA782 /* Example for RouteComposer */,
				607FACE81AFB9204008FA782 /* Tests */,
				84B6D46620163CC700B70FF7 /* RouteComposer_ExampleUITests */,
				607FACD11AFB9204008FA782 /* Products */,
				079F2B751A1ED1AA45C29C22 /* Pods */,
				89304414051547194EE39AAB /* Frameworks */,
				EF1584F5E4B89D2045CDF5FA /* CONTRIBUTING.md */,
			);
			sourceTree = "<group>";
		};
		607FACD11AFB9204008FA782 /* Products */ = {
			isa = PBXGroup;
			children = (
				607FACD01AFB9204008FA782 /* RouteComposer_Example.app */,
				607FACE51AFB9204008FA782 /* RouteComposer_Tests.xctest */,
				84B6D46520163CC700B70FF7 /* RouteComposer_ExampleUITests.xctest */,
			);
			name = Products;
			sourceTree = "<group>";
		};
		607FACD21AFB9204008FA782 /* Example for RouteComposer */ = {
			isa = PBXGroup;
			children = (
				8479E2F7200E7A7F00320380 /* Configuration */,
				8479E2FB200E7A7F00320380 /* Extensions */,
				8479E308200E7A7F00320380 /* URLTranslators */,
				8479E2FE200E7A7F00320380 /* View Controllers */,
				607FACD51AFB9204008FA782 /* AppDelegate.swift */,
				607FACD91AFB9204008FA782 /* TabBar.storyboard */,
				8479E31F200F7D1E00320380 /* Login.storyboard */,
				8479E2F3200E7A4400320380 /* PromptScreen.storyboard */,
				8479E2F1200E7A4400320380 /* Split.storyboard */,
				607FACDC1AFB9204008FA782 /* Images.xcassets */,
				607FACDE1AFB9204008FA782 /* LaunchScreen.xib */,
				607FACD31AFB9204008FA782 /* Supporting Files */,
				847D286E202B7DCC004C1EAF /* StarViewController.xib */,
			);
			name = "Example for RouteComposer";
			path = RouteComposer;
			sourceTree = "<group>";
		};
		607FACD31AFB9204008FA782 /* Supporting Files */ = {
			isa = PBXGroup;
			children = (
				607FACD41AFB9204008FA782 /* Info.plist */,
			);
			name = "Supporting Files";
			sourceTree = "<group>";
		};
		607FACE81AFB9204008FA782 /* Tests */ = {
			isa = PBXGroup;
			children = (
				607FACE91AFB9204008FA782 /* Supporting Files */,
				9AFBC72E9C2A1D7060E71B00 /* Helpers */,
				9AFBC6E7758A004A731A9B41 /* ActionTests.swift */,
				9AFBC3EAF6F5AD7A7A7D9390 /* AssemblyTest.swift */,
				9AFBCADE90377FF3B7BBF7F2 /* BoxTest.swift */,
				607FACEB1AFB9204008FA782 /* ContainerTests.swift */,
				9AFBCBADEEB6A4EDCAD336BF /* DestinationStepTests.swift */,
				9AFBCBC0A933CA5103371E7F /* ExtensionsTest.swift */,
				9AFBCCA9057265F79C745920 /* FactoryTest.swift */,
				9AFBC067DF4E4C264D1840B2 /* FinderTests.swift */,
				84706C77212AEEDB00980222 /* MultiplexerTest.swift */,
				9AFBC407D5F832DE452DD35B /* RouterTest.swift */,
				4570AD292238769C00809A01 /* ExtrasTest.swift */,
				EF158F4B4B31525D5844012E /* ErrorTest.swift */,
				453BC2E22288C6F100314B33 /* RegistryTests.swift */,
			);
			path = Tests;
			sourceTree = "<group>";
		};
		607FACE91AFB9204008FA782 /* Supporting Files */ = {
			isa = PBXGroup;
			children = (
				607FACEA1AFB9204008FA782 /* Info.plist */,
			);
			name = "Supporting Files";
			sourceTree = "<group>";
		};
		607FACF51AFB993E008FA782 /* Podspec Metadata */ = {
			isa = PBXGroup;
			children = (
				4D016BC78C8FFDC66C0F661D /* RouteComposer.podspec */,
				523DE209C4401E98B0605566 /* LICENSE */,
			);
			name = "Podspec Metadata";
			sourceTree = "<group>";
		};
		847720CC21372458001B6DC9 /* Products */ = {
			isa = PBXGroup;
			children = (
				847720D021372458001B6DC9 /* ContainerViewController.framework */,
			);
			name = Products;
			sourceTree = "<group>";
		};
		8479E2F7200E7A7F00320380 /* Configuration */ = {
			isa = PBXGroup;
			children = (
				8479E2F8200E7A7F00320380 /* ExampleConfiguration.swift */,
				8479E2F9200E7A7F00320380 /* ExampleScreenTypes.swift */,
				8479E2FA200E7A7F00320380 /* ExampleDestination.swift */,
				9AFBCEB028743A7AC55E1CA6 /* ExampleAnalyticsSupport.swift */,
				9AFBC560E37AAA325DCE89ED /* ExampleGenericContextTask.swift */,
				9AFBC94F95A324DC60F78C23 /* BlurredBackgroundTransitionController.swift */,
				9AFBCAF8448C6C949CE3A212 /* BlurredBackgroundPresentationController.swift */,
				9AFBC8BFC3348903C80F7D63 /* BlurredBackgroundTransitionAnimator.swift */,
				9AFBC55773371781E5054506 /* AnalyticsRouterDecorator.swift */,
			);
			path = Configuration;
			sourceTree = "<group>";
		};
		8479E2FB200E7A7F00320380 /* Extensions */ = {
			isa = PBXGroup;
			children = (
				8479E2FC200E7A7F00320380 /* UIColor.swift */,
				8479E2FD200E7A7F00320380 /* ViewController.swift */,
				9AFBC1E6621E9E1BB4ABDF1C /* Router+Destination.swift */,
			);
			path = Extensions;
			sourceTree = "<group>";
		};
		8479E2FE200E7A7F00320380 /* View Controllers */ = {
			isa = PBXGroup;
			children = (
				8479E2FF200E7A7F00320380 /* CircleViewController.swift */,
				8479E302200E7A7F00320380 /* ColorViewController.swift */,
				8479E303200E7A7F00320380 /* FiguresViewController.swift */,
				8479E305200E7A7F00320380 /* PromptViewController.swift */,
				8479E306200E7A7F00320380 /* NavigationDelayInterceptor.swift */,
				8479E307200E7A7F00320380 /* SquareViewController.swift */,
				9AFBC47AB52EB65AC08C0A93 /* Cities */,
				9AFBC98664CF07654A83DF67 /* Login */,
				9AFBCD38844C488B1FC57B15 /* Product */,
				9AFBCAF24C0CD80E0D369EEA /* SecondModalLevelViewController.swift */,
				9AFBC0A54CF3E1EFC4DB61C0 /* StarViewController.swift */,
				9AFBC7DC358700F46FADF768 /* WishList */,
				9AFBC408291B6E99D0367D07 /* No Library Dependency */,
				9AFBCAC0F2D822F36959DB6E /* ExampleNavigationController.swift */,
			);
			path = "View Controllers";
			sourceTree = "<group>";
		};
		8479E308200E7A7F00320380 /* URLTranslators */ = {
			isa = PBXGroup;
			children = (
				8479E30A200E7A7F00320380 /* ColorURLTranslator.swift */,
				8479E30B200E7A7F00320380 /* ExampleURLTranslator.swift */,
				9AFBCE44839BD245D30ED19C /* ExampleUniversalLinksManager.swift */,
			);
			path = URLTranslators;
			sourceTree = "<group>";
		};
		849D12C4213726570052FD44 /* Products */ = {
			isa = PBXGroup;
			children = (
				849D12C9213726570052FD44 /* ImageDetailsController.framework */,
			);
			name = Products;
			sourceTree = "<group>";
		};
		849D12E7213727370052FD44 /* Products */ = {
			isa = PBXGroup;
			children = (
				849D12EB213727370052FD44 /* ImagesController.framework */,
			);
			name = Products;
			sourceTree = "<group>";
		};
		84B6D46620163CC700B70FF7 /* RouteComposer_ExampleUITests */ = {
			isa = PBXGroup;
			children = (
				84B6D46720163CC700B70FF7 /* RouteComposerExampleUITests.swift */,
				84B6D46920163CC700B70FF7 /* Info.plist */,
			);
			path = RouteComposer_ExampleUITests;
			sourceTree = "<group>";
		};
		89304414051547194EE39AAB /* Frameworks */ = {
			isa = PBXGroup;
			children = (
				AD8FADE9265A4CD86A75FD85 /* Pods_RouteComposer_Example.framework */,
				4D5D44CE2FD3DEAA3108C874 /* Pods_RouteComposer_Tests.framework */,
				A0293FF29C4D706E5D7F4B94 /* Pods_RouteComposer_Example_RouteComposer_Tests.framework */,
			);
			name = Frameworks;
			sourceTree = "<group>";
		};
		9AFBC408291B6E99D0367D07 /* No Library Dependency */ = {
			isa = PBXGroup;
			children = (
				847720CB21372458001B6DC9 /* ContainerViewController.xcodeproj */,
				849D12E6213727370052FD44 /* ImagesController.xcodeproj */,
				849D12C3213726570052FD44 /* ImageDetailsController.xcodeproj */,
				84B76A652040641400D865B1 /* Images.storyboard */,
				9AFBC5D711BEDBDB3B0C6CA9 /* ImageFetcherImpl.swift */,
				9AFBC33219CADD6450A6392E /* ImageDetailsFetcherImpl.swift */,
				9AFBC56093FDEE7534E11333 /* Configuration With Library */,
				9AFBCD0FD980FF2DFBFDA206 /* Configuration Without Library */,
			);
			path = "No Library Dependency";
			sourceTree = "<group>";
		};
		9AFBC47AB52EB65AC08C0A93 /* Cities */ = {
			isa = PBXGroup;
			children = (
				9AFBCE5527D371C559C69F9E /* CityURLTranslator.swift */,
				9AFBC949B2D2D4B8D636B565 /* CityDetailViewController.swift */,
				9AFBCA4291DB4A6D2A47E5F2 /* CitiesTableViewController.swift */,
				9AFBC94CF26AB11E181F7B00 /* CitiesConfiguration.swift */,
				9AFBC4700ACD202B6C4A1205 /* CitiesDataModel.swift */,
			);
			path = Cities;
			sourceTree = "<group>";
		};
		9AFBC56093FDEE7534E11333 /* Configuration With Library */ = {
			isa = PBXGroup;
			children = (
				9AFBC4C7C2E35FE2903E13AB /* ImagesWithLibraryHandler.swift */,
				9AFBC5AF9638E4E5B1D1E443 /* ImagesConfigurationWithLibrary.swift */,
				9AFBC00AF5B223BFDB589161 /* CustomContainerFactory.swift */,
				9AFBC7681CD469FE6EB77EC1 /* ImagesFactory.swift */,
				9AFBC26291C67F9F347F8654 /* ImageDetailsFactory.swift */,
			);
			path = "Configuration With Library";
			sourceTree = "<group>";
		};
		9AFBC72E9C2A1D7060E71B00 /* Helpers */ = {
			isa = PBXGroup;
			children = (
				9AFBCE40E5D93F38F9223D70 /* EmptyFactory.swift */,
				9AFBC3D8D3AA2C53D5C17952 /* EmptyContainer.swift */,
			);
			path = Helpers;
			sourceTree = "<group>";
		};
		9AFBC7DC358700F46FADF768 /* WishList */ = {
			isa = PBXGroup;
			children = (
				9AFBC80C4D57303B27914E81 /* WishListViewController.swift */,
				9AFBC16A7AED73A4F3C744F7 /* WishListContext.swift */,
				9AFBCE40215C25D16CA6A1FB /* WishListConfiguration.swift */,
				9AFBCFA7F490C53D17BA5B40 /* WishListContextTask.swift */,
			);
			path = WishList;
			sourceTree = "<group>";
		};
		9AFBC98664CF07654A83DF67 /* Login */ = {
			isa = PBXGroup;
			children = (
				9AFBCCCF499676D25E68FECA /* LoginViewController.swift */,
				9AFBC6DBFF899EA9831D84D2 /* LoginConfiguration.swift */,
			);
			path = Login;
			sourceTree = "<group>";
		};
		9AFBCD0FD980FF2DFBFDA206 /* Configuration Without Library */ = {
			isa = PBXGroup;
			children = (
				9AFBCC67E59C161432003A86 /* ImagesWithoutLibraryHandler.swift */,
				9AFBC13BCBBF072FA2CE5A48 /* ImagesWithoutLibraryConfiguration.swift */,
			);
			path = "Configuration Without Library";
			sourceTree = "<group>";
		};
		9AFBCD38844C488B1FC57B15 /* Product */ = {
			isa = PBXGroup;
			children = (
				9AFBC7FF9D27A17E57FE525C /* ProductConfiguration.swift */,
				9AFBC8F9D2DC7F0960891380 /* ProductViewController.swift */,
				9AFBC94AAA83C5D160B00A8D /* ProductURLTranslator.swift */,
			);
			path = Product;
			sourceTree = "<group>";
		};
/* End PBXGroup section */

/* Begin PBXNativeTarget section */
		607FACCF1AFB9204008FA782 /* RouteComposer_Example */ = {
			isa = PBXNativeTarget;
			buildConfigurationList = 607FACEF1AFB9204008FA782 /* Build configuration list for PBXNativeTarget "RouteComposer_Example" */;
			buildPhases = (
				BCFB669035F5BAFBDA54AC44 /* [CP] Check Pods Manifest.lock */,
				607FACCC1AFB9204008FA782 /* Sources */,
				607FACCD1AFB9204008FA782 /* Frameworks */,
				607FACCE1AFB9204008FA782 /* Resources */,
				9D8FCA457F23E4809DEE3514 /* [CP] Embed Pods Frameworks */,
				849D1302213729F10052FD44 /* Embed Frameworks */,
			);
			buildRules = (
			);
			dependencies = (
				849D12F9213729F10052FD44 /* PBXTargetDependency */,
				849D12FD213729F10052FD44 /* PBXTargetDependency */,
				849D1301213729F10052FD44 /* PBXTargetDependency */,
			);
			name = RouteComposer_Example;
			productName = RouteComposer;
			productReference = 607FACD01AFB9204008FA782 /* RouteComposer_Example.app */;
			productType = "com.apple.product-type.application";
		};
		607FACE41AFB9204008FA782 /* RouteComposer_Tests */ = {
			isa = PBXNativeTarget;
			buildConfigurationList = 607FACF21AFB9204008FA782 /* Build configuration list for PBXNativeTarget "RouteComposer_Tests" */;
			buildPhases = (
				454D5A5F0122E70B1E54C83D /* [CP] Check Pods Manifest.lock */,
				607FACE11AFB9204008FA782 /* Sources */,
				607FACE21AFB9204008FA782 /* Frameworks */,
				607FACE31AFB9204008FA782 /* Resources */,
				4CAECF92777C3A1AEDF68FAB /* [CP] Embed Pods Frameworks */,
			);
			buildRules = (
			);
			dependencies = (
				607FACE71AFB9204008FA782 /* PBXTargetDependency */,
			);
			name = RouteComposer_Tests;
			productName = Tests;
			productReference = 607FACE51AFB9204008FA782 /* RouteComposer_Tests.xctest */;
			productType = "com.apple.product-type.bundle.unit-test";
		};
		84B6D46420163CC700B70FF7 /* RouteComposer_ExampleUITests */ = {
			isa = PBXNativeTarget;
			buildConfigurationList = 84B6D46E20163CC700B70FF7 /* Build configuration list for PBXNativeTarget "RouteComposer_ExampleUITests" */;
			buildPhases = (
				84B6D46120163CC700B70FF7 /* Sources */,
				84B6D46220163CC700B70FF7 /* Frameworks */,
				84B6D46320163CC700B70FF7 /* Resources */,
			);
			buildRules = (
			);
			dependencies = (
				84B6D46B20163CC700B70FF7 /* PBXTargetDependency */,
			);
			name = RouteComposer_ExampleUITests;
			productName = RouteComposer_ExampleUITests;
			productReference = 84B6D46520163CC700B70FF7 /* RouteComposer_ExampleUITests.xctest */;
			productType = "com.apple.product-type.bundle.ui-testing";
		};
/* End PBXNativeTarget section */

/* Begin PBXProject section */
		607FACC81AFB9204008FA782 /* Project object */ = {
			isa = PBXProject;
			attributes = {
				LastSwiftUpdateCheck = 0920;
				LastUpgradeCheck = 1020;
				ORGANIZATIONNAME = "HBC Digital";
				TargetAttributes = {
					607FACCF1AFB9204008FA782 = {
						CreatedOnToolsVersion = 6.3.1;
						LastSwiftMigration = 1000;
					};
					607FACE41AFB9204008FA782 = {
						CreatedOnToolsVersion = 6.3.1;
						LastSwiftMigration = 1000;
						TestTargetID = 607FACCF1AFB9204008FA782;
					};
					84B6D46420163CC700B70FF7 = {
						CreatedOnToolsVersion = 9.2;
						DevelopmentTeam = PG4V34R8QT;
						LastSwiftMigration = 1000;
						ProvisioningStyle = Automatic;
						TestTargetID = 607FACCF1AFB9204008FA782;
					};
				};
			};
			buildConfigurationList = 607FACCB1AFB9204008FA782 /* Build configuration list for PBXProject "RouteComposer" */;
			compatibilityVersion = "Xcode 3.2";
			developmentRegion = en;
			hasScannedForEncodings = 0;
			knownRegions = (
				en,
				Base,
			);
			mainGroup = 607FACC71AFB9204008FA782;
			productRefGroup = 607FACD11AFB9204008FA782 /* Products */;
			projectDirPath = "";
			projectReferences = (
				{
					ProductGroup = 847720CC21372458001B6DC9 /* Products */;
					ProjectRef = 847720CB21372458001B6DC9 /* ContainerViewController.xcodeproj */;
				},
				{
					ProductGroup = 849D12C4213726570052FD44 /* Products */;
					ProjectRef = 849D12C3213726570052FD44 /* ImageDetailsController.xcodeproj */;
				},
				{
					ProductGroup = 849D12E7213727370052FD44 /* Products */;
					ProjectRef = 849D12E6213727370052FD44 /* ImagesController.xcodeproj */;
				},
			);
			projectRoot = "";
			targets = (
				607FACCF1AFB9204008FA782 /* RouteComposer_Example */,
				607FACE41AFB9204008FA782 /* RouteComposer_Tests */,
				84B6D46420163CC700B70FF7 /* RouteComposer_ExampleUITests */,
			);
		};
/* End PBXProject section */

/* Begin PBXReferenceProxy section */
		847720D021372458001B6DC9 /* ContainerViewController.framework */ = {
			isa = PBXReferenceProxy;
			fileType = wrapper.framework;
			path = ContainerViewController.framework;
			remoteRef = 847720CF21372458001B6DC9 /* PBXContainerItemProxy */;
			sourceTree = BUILT_PRODUCTS_DIR;
		};
		849D12C9213726570052FD44 /* ImageDetailsController.framework */ = {
			isa = PBXReferenceProxy;
			fileType = wrapper.framework;
			path = ImageDetailsController.framework;
			remoteRef = 849D12C8213726570052FD44 /* PBXContainerItemProxy */;
			sourceTree = BUILT_PRODUCTS_DIR;
		};
		849D12EB213727370052FD44 /* ImagesController.framework */ = {
			isa = PBXReferenceProxy;
			fileType = wrapper.framework;
			path = ImagesController.framework;
			remoteRef = 849D12EA213727370052FD44 /* PBXContainerItemProxy */;
			sourceTree = BUILT_PRODUCTS_DIR;
		};
/* End PBXReferenceProxy section */

/* Begin PBXResourcesBuildPhase section */
		607FACCE1AFB9204008FA782 /* Resources */ = {
			isa = PBXResourcesBuildPhase;
			buildActionMask = 2147483647;
			files = (
				607FACDB1AFB9204008FA782 /* TabBar.storyboard in Resources */,
				607FACE01AFB9204008FA782 /* LaunchScreen.xib in Resources */,
				847D2870202B7DCC004C1EAF /* StarViewController.xib in Resources */,
				8479E320200F7D1E00320380 /* Login.storyboard in Resources */,
				607FACDD1AFB9204008FA782 /* Images.xcassets in Resources */,
				8479E2F6200E7A4400320380 /* PromptScreen.storyboard in Resources */,
				84B76A662040641400D865B1 /* Images.storyboard in Resources */,
				8479E2F5200E7A4400320380 /* Split.storyboard in Resources */,
			);
			runOnlyForDeploymentPostprocessing = 0;
		};
		607FACE31AFB9204008FA782 /* Resources */ = {
			isa = PBXResourcesBuildPhase;
			buildActionMask = 2147483647;
			files = (
			);
			runOnlyForDeploymentPostprocessing = 0;
		};
		84B6D46320163CC700B70FF7 /* Resources */ = {
			isa = PBXResourcesBuildPhase;
			buildActionMask = 2147483647;
			files = (
			);
			runOnlyForDeploymentPostprocessing = 0;
		};
/* End PBXResourcesBuildPhase section */

/* Begin PBXShellScriptBuildPhase section */
		454D5A5F0122E70B1E54C83D /* [CP] Check Pods Manifest.lock */ = {
			isa = PBXShellScriptBuildPhase;
			buildActionMask = 2147483647;
			files = (
			);
			inputFileListPaths = (
			);
			inputPaths = (
				"${PODS_PODFILE_DIR_PATH}/Podfile.lock",
				"${PODS_ROOT}/Manifest.lock",
			);
			name = "[CP] Check Pods Manifest.lock";
			outputFileListPaths = (
			);
			outputPaths = (
				"$(DERIVED_FILE_DIR)/Pods-RouteComposer_Example-RouteComposer_Tests-checkManifestLockResult.txt",
			);
			runOnlyForDeploymentPostprocessing = 0;
			shellPath = /bin/sh;
			shellScript = "diff \"${PODS_PODFILE_DIR_PATH}/Podfile.lock\" \"${PODS_ROOT}/Manifest.lock\" > /dev/null\nif [ $? != 0 ] ; then\n    # print error to STDERR\n    echo \"error: The sandbox is not in sync with the Podfile.lock. Run 'pod install' or update your CocoaPods installation.\" >&2\n    exit 1\nfi\n# This output is used by Xcode 'outputs' to avoid re-running this script phase.\necho \"SUCCESS\" > \"${SCRIPT_OUTPUT_FILE_0}\"\n";
			showEnvVarsInLog = 0;
		};
		4CAECF92777C3A1AEDF68FAB /* [CP] Embed Pods Frameworks */ = {
			isa = PBXShellScriptBuildPhase;
			buildActionMask = 2147483647;
			files = (
			);
			inputFileListPaths = (
			);
			inputPaths = (
				"${PODS_ROOT}/Target Support Files/Pods-RouteComposer_Example-RouteComposer_Tests/Pods-RouteComposer_Example-RouteComposer_Tests-frameworks.sh",
				"${BUILT_PRODUCTS_DIR}/RouteComposer/RouteComposer.framework",
			);
			name = "[CP] Embed Pods Frameworks";
			outputFileListPaths = (
			);
			outputPaths = (
				"${TARGET_BUILD_DIR}/${FRAMEWORKS_FOLDER_PATH}/RouteComposer.framework",
			);
			runOnlyForDeploymentPostprocessing = 0;
			shellPath = /bin/sh;
			shellScript = "\"${PODS_ROOT}/Target Support Files/Pods-RouteComposer_Example-RouteComposer_Tests/Pods-RouteComposer_Example-RouteComposer_Tests-frameworks.sh\"\n";
			showEnvVarsInLog = 0;
		};
		9D8FCA457F23E4809DEE3514 /* [CP] Embed Pods Frameworks */ = {
			isa = PBXShellScriptBuildPhase;
			buildActionMask = 2147483647;
			files = (
			);
			inputPaths = (
				"${PODS_ROOT}/Target Support Files/Pods-RouteComposer_Example/Pods-RouteComposer_Example-frameworks.sh",
				"${BUILT_PRODUCTS_DIR}/RouteComposer/RouteComposer.framework",
			);
			name = "[CP] Embed Pods Frameworks";
			outputPaths = (
				"${TARGET_BUILD_DIR}/${FRAMEWORKS_FOLDER_PATH}/RouteComposer.framework",
			);
			runOnlyForDeploymentPostprocessing = 0;
			shellPath = /bin/sh;
			shellScript = "\"${PODS_ROOT}/Target Support Files/Pods-RouteComposer_Example/Pods-RouteComposer_Example-frameworks.sh\"\n";
			showEnvVarsInLog = 0;
		};
		BCFB669035F5BAFBDA54AC44 /* [CP] Check Pods Manifest.lock */ = {
			isa = PBXShellScriptBuildPhase;
			buildActionMask = 2147483647;
			files = (
			);
			inputPaths = (
				"${PODS_PODFILE_DIR_PATH}/Podfile.lock",
				"${PODS_ROOT}/Manifest.lock",
			);
			name = "[CP] Check Pods Manifest.lock";
			outputPaths = (
				"$(DERIVED_FILE_DIR)/Pods-RouteComposer_Example-checkManifestLockResult.txt",
			);
			runOnlyForDeploymentPostprocessing = 0;
			shellPath = /bin/sh;
			shellScript = "diff \"${PODS_PODFILE_DIR_PATH}/Podfile.lock\" \"${PODS_ROOT}/Manifest.lock\" > /dev/null\nif [ $? != 0 ] ; then\n    # print error to STDERR\n    echo \"error: The sandbox is not in sync with the Podfile.lock. Run 'pod install' or update your CocoaPods installation.\" >&2\n    exit 1\nfi\n# This output is used by Xcode 'outputs' to avoid re-running this script phase.\necho \"SUCCESS\" > \"${SCRIPT_OUTPUT_FILE_0}\"\n";
			showEnvVarsInLog = 0;
		};
/* End PBXShellScriptBuildPhase section */

/* Begin PBXSourcesBuildPhase section */
		607FACCC1AFB9204008FA782 /* Sources */ = {
			isa = PBXSourcesBuildPhase;
			buildActionMask = 2147483647;
			files = (
				8479E30D200E7A7F00320380 /* ExampleConfiguration.swift in Sources */,
				8479E310200E7A7F00320380 /* UIColor.swift in Sources */,
				8479E311200E7A7F00320380 /* ViewController.swift in Sources */,
				8479E31A200E7A7F00320380 /* SquareViewController.swift in Sources */,
				8479E319200E7A7F00320380 /* NavigationDelayInterceptor.swift in Sources */,
				8479E31C200E7A7F00320380 /* ColorURLTranslator.swift in Sources */,
				8479E30E200E7A7F00320380 /* ExampleScreenTypes.swift in Sources */,
				8479E316200E7A7F00320380 /* FiguresViewController.swift in Sources */,
				8479E31D200E7A7F00320380 /* ExampleURLTranslator.swift in Sources */,
				607FACD61AFB9204008FA782 /* AppDelegate.swift in Sources */,
				8479E312200E7A7F00320380 /* CircleViewController.swift in Sources */,
				8479E315200E7A7F00320380 /* ColorViewController.swift in Sources */,
				8479E318200E7A7F00320380 /* PromptViewController.swift in Sources */,
				8479E30F200E7A7F00320380 /* ExampleDestination.swift in Sources */,
				9AFBC82E50CBF47FB0A0F2D1 /* CityURLTranslator.swift in Sources */,
				9AFBCF519040E699D130072D /* CityDetailViewController.swift in Sources */,
				9AFBCAFFB71568FAE9054699 /* CitiesTableViewController.swift in Sources */,
				9AFBCDDD13172281D4368E6C /* CitiesConfiguration.swift in Sources */,
				9AFBC3DB63861EB552A2CD2E /* ExampleUniversalLinksManager.swift in Sources */,
				9AFBCBB5F4DDE646EAFA437B /* LoginViewController.swift in Sources */,
				9AFBC11AB0BE495D5E2959C1 /* LoginConfiguration.swift in Sources */,
				9AFBCB1EA868F677EA54C083 /* ExampleAnalyticsSupport.swift in Sources */,
				9AFBC466CF915E3C0F137958 /* ProductConfiguration.swift in Sources */,
				9AFBC0ADE4D123DD36E06972 /* ProductViewController.swift in Sources */,
				9AFBC22EF26E1F76942AC44D /* ProductURLTranslator.swift in Sources */,
				9AFBC915C2F461136B5C1B0D /* SecondModalLevelViewController.swift in Sources */,
				9AFBCA728DF14FD91F5AC570 /* StarViewController.swift in Sources */,
				9AFBC10000C39C385751808C /* CitiesDataModel.swift in Sources */,
				9AFBC846927D38441DCA0296 /* WishListViewController.swift in Sources */,
				9AFBC66443B697ADCC7BB6B7 /* WishListContext.swift in Sources */,
				9AFBC53392657942D199D598 /* WishListConfiguration.swift in Sources */,
				9AFBC91DEB7FCDC286B6AD17 /* WishListContextTask.swift in Sources */,
				9AFBC543C6164B0233A6BB88 /* ImageFetcherImpl.swift in Sources */,
				9AFBC71B05DD36CEA9519B11 /* ImageDetailsFetcherImpl.swift in Sources */,
				9AFBCD815ADC0CDEC67CA6DB /* ImagesWithLibraryHandler.swift in Sources */,
				9AFBC6A3A55CCF3FC18F1978 /* ImagesConfigurationWithLibrary.swift in Sources */,
				9AFBC8F26FFD83B86954182F /* ImagesWithoutLibraryHandler.swift in Sources */,
				9AFBC85A77E2623434CDC7B1 /* CustomContainerFactory.swift in Sources */,
				9AFBC6DD79F2059D9547629A /* ImagesFactory.swift in Sources */,
				9AFBC9C5E791E8BD9A19B381 /* ImageDetailsFactory.swift in Sources */,
				9AFBC3F6DD37FCCE8C0BC6DD /* ImagesWithoutLibraryConfiguration.swift in Sources */,
				9AFBC6940E3775878A0E3923 /* ExampleGenericContextTask.swift in Sources */,
				9AFBCD01AB3423FA82D68DBA /* BlurredBackgroundTransitionController.swift in Sources */,
				9AFBC8F0C0631FA73ACA2199 /* BlurredBackgroundPresentationController.swift in Sources */,
				9AFBCE57C0F8CE5FA2C71E57 /* BlurredBackgroundTransitionAnimator.swift in Sources */,
				9AFBCE52F3DE5262483447AD /* AnalyticsRouterDecorator.swift in Sources */,
				9AFBC4742A536B8AD7957A1A /* Router+Destination.swift in Sources */,
				9AFBC4085F7930B60F185C0D /* ExampleNavigationController.swift in Sources */,
			);
			runOnlyForDeploymentPostprocessing = 0;
		};
		607FACE11AFB9204008FA782 /* Sources */ = {
			isa = PBXSourcesBuildPhase;
			buildActionMask = 2147483647;
			files = (
				841DFE552108AE7D007C82D3 /* EmptyContainer.swift in Sources */,
				453BC2E32288C6F100314B33 /* RegistryTests.swift in Sources */,
				84706C78212AEEDB00980222 /* MultiplexerTest.swift in Sources */,
				841DFE532108ADB5007C82D3 /* EmptyFactory.swift in Sources */,
				607FACEC1AFB9204008FA782 /* ContainerTests.swift in Sources */,
				4570AD2A2238769C00809A01 /* ExtrasTest.swift in Sources */,
				9AFBCD5CF0DEF693CAB30502 /* ActionTests.swift in Sources */,
				9AFBC671594F870853085645 /* BoxTest.swift in Sources */,
				9AFBC38029B845FC7C563685 /* RouterTest.swift in Sources */,
				9AFBC9EF2EE81E6DB9472570 /* FactoryTest.swift in Sources */,
				9AFBC562353240A11591683E /* ExtensionsTest.swift in Sources */,
				9AFBC2C9FD5634435876E1FB /* AssemblyTest.swift in Sources */,
				9AFBC98004695AD801CF23AD /* DestinationStepTests.swift in Sources */,
				9AFBC7B044DF4416BD93D7C5 /* FinderTests.swift in Sources */,
				EF158CB848B405D553F272A8 /* ErrorTest.swift in Sources */,
			);
			runOnlyForDeploymentPostprocessing = 0;
		};
		84B6D46120163CC700B70FF7 /* Sources */ = {
			isa = PBXSourcesBuildPhase;
			buildActionMask = 2147483647;
			files = (
				84B6D46820163CC700B70FF7 /* RouteComposerExampleUITests.swift in Sources */,
			);
			runOnlyForDeploymentPostprocessing = 0;
		};
/* End PBXSourcesBuildPhase section */

/* Begin PBXTargetDependency section */
		607FACE71AFB9204008FA782 /* PBXTargetDependency */ = {
			isa = PBXTargetDependency;
			target = 607FACCF1AFB9204008FA782 /* RouteComposer_Example */;
			targetProxy = 607FACE61AFB9204008FA782 /* PBXContainerItemProxy */;
		};
		849D12F9213729F10052FD44 /* PBXTargetDependency */ = {
			isa = PBXTargetDependency;
			name = ContainerViewController;
			targetProxy = 849D12F8213729F10052FD44 /* PBXContainerItemProxy */;
		};
		849D12FD213729F10052FD44 /* PBXTargetDependency */ = {
			isa = PBXTargetDependency;
			name = ImagesController;
			targetProxy = 849D12FC213729F10052FD44 /* PBXContainerItemProxy */;
		};
		849D1301213729F10052FD44 /* PBXTargetDependency */ = {
			isa = PBXTargetDependency;
			name = ImageDetailsController;
			targetProxy = 849D1300213729F10052FD44 /* PBXContainerItemProxy */;
		};
		84B6D46B20163CC700B70FF7 /* PBXTargetDependency */ = {
			isa = PBXTargetDependency;
			target = 607FACCF1AFB9204008FA782 /* RouteComposer_Example */;
			targetProxy = 84B6D46A20163CC700B70FF7 /* PBXContainerItemProxy */;
		};
/* End PBXTargetDependency section */

/* Begin PBXVariantGroup section */
		607FACD91AFB9204008FA782 /* TabBar.storyboard */ = {
			isa = PBXVariantGroup;
			children = (
				607FACDA1AFB9204008FA782 /* Base */,
			);
			name = TabBar.storyboard;
			sourceTree = "<group>";
		};
		607FACDE1AFB9204008FA782 /* LaunchScreen.xib */ = {
			isa = PBXVariantGroup;
			children = (
				607FACDF1AFB9204008FA782 /* Base */,
			);
			name = LaunchScreen.xib;
			sourceTree = "<group>";
		};
		8479E2F1200E7A4400320380 /* Split.storyboard */ = {
			isa = PBXVariantGroup;
			children = (
				8479E2F2200E7A4400320380 /* Base */,
			);
			name = Split.storyboard;
			sourceTree = "<group>";
		};
		8479E2F3200E7A4400320380 /* PromptScreen.storyboard */ = {
			isa = PBXVariantGroup;
			children = (
				8479E2F4200E7A4400320380 /* Base */,
			);
			name = PromptScreen.storyboard;
			sourceTree = "<group>";
		};
		847D286E202B7DCC004C1EAF /* StarViewController.xib */ = {
			isa = PBXVariantGroup;
			children = (
				847D286F202B7DCC004C1EAF /* Base */,
			);
			name = StarViewController.xib;
			sourceTree = "<group>";
		};
/* End PBXVariantGroup section */

/* Begin XCBuildConfiguration section */
		607FACED1AFB9204008FA782 /* Debug */ = {
			isa = XCBuildConfiguration;
			buildSettings = {
				ALWAYS_SEARCH_USER_PATHS = NO;
				CLANG_ANALYZER_LOCALIZABILITY_NONLOCALIZED = YES;
				CLANG_CXX_LANGUAGE_STANDARD = "gnu++0x";
				CLANG_CXX_LIBRARY = "libc++";
				CLANG_ENABLE_MODULES = YES;
				CLANG_ENABLE_OBJC_ARC = YES;
				CLANG_WARN_BLOCK_CAPTURE_AUTORELEASING = YES;
				CLANG_WARN_BOOL_CONVERSION = YES;
				CLANG_WARN_COMMA = YES;
				CLANG_WARN_CONSTANT_CONVERSION = YES;
				CLANG_WARN_DEPRECATED_OBJC_IMPLEMENTATIONS = YES;
				CLANG_WARN_DIRECT_OBJC_ISA_USAGE = YES_ERROR;
				CLANG_WARN_EMPTY_BODY = YES;
				CLANG_WARN_ENUM_CONVERSION = YES;
				CLANG_WARN_INFINITE_RECURSION = YES;
				CLANG_WARN_INT_CONVERSION = YES;
				CLANG_WARN_NON_LITERAL_NULL_CONVERSION = YES;
				CLANG_WARN_OBJC_IMPLICIT_RETAIN_SELF = YES;
				CLANG_WARN_OBJC_LITERAL_CONVERSION = YES;
				CLANG_WARN_OBJC_ROOT_CLASS = YES_ERROR;
				CLANG_WARN_RANGE_LOOP_ANALYSIS = YES;
				CLANG_WARN_STRICT_PROTOTYPES = YES;
				CLANG_WARN_SUSPICIOUS_MOVE = YES;
				CLANG_WARN_UNREACHABLE_CODE = YES;
				CLANG_WARN__DUPLICATE_METHOD_MATCH = YES;
				"CODE_SIGN_IDENTITY[sdk=iphoneos*]" = "iPhone Developer";
				COPY_PHASE_STRIP = NO;
				DEBUG_INFORMATION_FORMAT = "dwarf-with-dsym";
				ENABLE_STRICT_OBJC_MSGSEND = YES;
				ENABLE_TESTABILITY = YES;
				GCC_C_LANGUAGE_STANDARD = gnu99;
				GCC_DYNAMIC_NO_PIC = NO;
				GCC_NO_COMMON_BLOCKS = YES;
				GCC_OPTIMIZATION_LEVEL = 0;
				GCC_PREPROCESSOR_DEFINITIONS = (
					"DEBUG=1",
					"$(inherited)",
				);
				GCC_SYMBOLS_PRIVATE_EXTERN = NO;
				GCC_WARN_64_TO_32_BIT_CONVERSION = YES;
				GCC_WARN_ABOUT_RETURN_TYPE = YES_ERROR;
				GCC_WARN_UNDECLARED_SELECTOR = YES;
				GCC_WARN_UNINITIALIZED_AUTOS = YES_AGGRESSIVE;
				GCC_WARN_UNUSED_FUNCTION = YES;
				GCC_WARN_UNUSED_VARIABLE = YES;
				IPHONEOS_DEPLOYMENT_TARGET = 9.3;
				MTL_ENABLE_DEBUG_INFO = YES;
				ONLY_ACTIVE_ARCH = YES;
				SDKROOT = iphoneos;
				SWIFT_OPTIMIZATION_LEVEL = "-Onone";
				SWIFT_VERSION = 5.0;
			};
			name = Debug;
		};
		607FACEE1AFB9204008FA782 /* Release */ = {
			isa = XCBuildConfiguration;
			buildSettings = {
				ALWAYS_SEARCH_USER_PATHS = NO;
				CLANG_ANALYZER_LOCALIZABILITY_NONLOCALIZED = YES;
				CLANG_CXX_LANGUAGE_STANDARD = "gnu++0x";
				CLANG_CXX_LIBRARY = "libc++";
				CLANG_ENABLE_MODULES = YES;
				CLANG_ENABLE_OBJC_ARC = YES;
				CLANG_WARN_BLOCK_CAPTURE_AUTORELEASING = YES;
				CLANG_WARN_BOOL_CONVERSION = YES;
				CLANG_WARN_COMMA = YES;
				CLANG_WARN_CONSTANT_CONVERSION = YES;
				CLANG_WARN_DEPRECATED_OBJC_IMPLEMENTATIONS = YES;
				CLANG_WARN_DIRECT_OBJC_ISA_USAGE = YES_ERROR;
				CLANG_WARN_EMPTY_BODY = YES;
				CLANG_WARN_ENUM_CONVERSION = YES;
				CLANG_WARN_INFINITE_RECURSION = YES;
				CLANG_WARN_INT_CONVERSION = YES;
				CLANG_WARN_NON_LITERAL_NULL_CONVERSION = YES;
				CLANG_WARN_OBJC_IMPLICIT_RETAIN_SELF = YES;
				CLANG_WARN_OBJC_LITERAL_CONVERSION = YES;
				CLANG_WARN_OBJC_ROOT_CLASS = YES_ERROR;
				CLANG_WARN_RANGE_LOOP_ANALYSIS = YES;
				CLANG_WARN_STRICT_PROTOTYPES = YES;
				CLANG_WARN_SUSPICIOUS_MOVE = YES;
				CLANG_WARN_UNREACHABLE_CODE = YES;
				CLANG_WARN__DUPLICATE_METHOD_MATCH = YES;
				"CODE_SIGN_IDENTITY[sdk=iphoneos*]" = "iPhone Developer";
				COPY_PHASE_STRIP = NO;
				DEBUG_INFORMATION_FORMAT = "dwarf-with-dsym";
				ENABLE_NS_ASSERTIONS = NO;
				ENABLE_STRICT_OBJC_MSGSEND = YES;
				GCC_C_LANGUAGE_STANDARD = gnu99;
				GCC_NO_COMMON_BLOCKS = YES;
				GCC_WARN_64_TO_32_BIT_CONVERSION = YES;
				GCC_WARN_ABOUT_RETURN_TYPE = YES_ERROR;
				GCC_WARN_UNDECLARED_SELECTOR = YES;
				GCC_WARN_UNINITIALIZED_AUTOS = YES_AGGRESSIVE;
				GCC_WARN_UNUSED_FUNCTION = YES;
				GCC_WARN_UNUSED_VARIABLE = YES;
				IPHONEOS_DEPLOYMENT_TARGET = 9.3;
				MTL_ENABLE_DEBUG_INFO = NO;
				SDKROOT = iphoneos;
				SWIFT_OPTIMIZATION_LEVEL = "-Owholemodule";
				SWIFT_VERSION = 5.0;
				VALIDATE_PRODUCT = YES;
			};
			name = Release;
		};
		607FACF01AFB9204008FA782 /* Debug */ = {
			isa = XCBuildConfiguration;
			baseConfigurationReference = EE3371C14DEE61C1E517B2F9 /* Pods-RouteComposer_Example.debug.xcconfig */;
			buildSettings = {
				ASSETCATALOG_COMPILER_APPICON_NAME = AppIcon;
				INFOPLIST_FILE = RouteComposer/Info.plist;
				IPHONEOS_DEPLOYMENT_TARGET = 9.0;
				MODULE_NAME = ExampleApp;
				PRODUCT_BUNDLE_IDENTIFIER = "ie.hbcdigital.RouteComposer-Example";
				PRODUCT_NAME = "$(TARGET_NAME)";
				TARGETED_DEVICE_FAMILY = "1,2";
			};
			name = Debug;
		};
		607FACF11AFB9204008FA782 /* Release */ = {
			isa = XCBuildConfiguration;
			baseConfigurationReference = E7AC8603E217ACA9BCF1FAC2 /* Pods-RouteComposer_Example.release.xcconfig */;
			buildSettings = {
				ASSETCATALOG_COMPILER_APPICON_NAME = AppIcon;
				INFOPLIST_FILE = RouteComposer/Info.plist;
				IPHONEOS_DEPLOYMENT_TARGET = 9.0;
				MODULE_NAME = ExampleApp;
				PRODUCT_BUNDLE_IDENTIFIER = "ie.hbcdigital.RouteComposer-Example";
				PRODUCT_NAME = "$(TARGET_NAME)";
				TARGETED_DEVICE_FAMILY = "1,2";
			};
			name = Release;
		};
		607FACF31AFB9204008FA782 /* Debug */ = {
			isa = XCBuildConfiguration;
			baseConfigurationReference = 9E4BEAE755C13F946AD18B6A /* Pods-RouteComposer_Example-RouteComposer_Tests.debug.xcconfig */;
			buildSettings = {
				GCC_PREPROCESSOR_DEFINITIONS = (
					"DEBUG=1",
					"$(inherited)",
				);
				INFOPLIST_FILE = Tests/Info.plist;
				PRODUCT_BUNDLE_IDENTIFIER = "org.cocoapods.$(PRODUCT_NAME:rfc1034identifier)";
				PRODUCT_NAME = "$(TARGET_NAME)";
				TEST_HOST = "$(BUILT_PRODUCTS_DIR)/RouteComposer_Example.app/RouteComposer_Example";
			};
			name = Debug;
		};
		607FACF41AFB9204008FA782 /* Release */ = {
			isa = XCBuildConfiguration;
			baseConfigurationReference = 0B068CD8E2A01AE34431EC7F /* Pods-RouteComposer_Example-RouteComposer_Tests.release.xcconfig */;
			buildSettings = {
				INFOPLIST_FILE = Tests/Info.plist;
				PRODUCT_BUNDLE_IDENTIFIER = "org.cocoapods.$(PRODUCT_NAME:rfc1034identifier)";
				PRODUCT_NAME = "$(TARGET_NAME)";
				TEST_HOST = "$(BUILT_PRODUCTS_DIR)/RouteComposer_Example.app/RouteComposer_Example";
			};
			name = Release;
		};
		84B6D46C20163CC700B70FF7 /* Debug */ = {
			isa = XCBuildConfiguration;
			buildSettings = {
				CLANG_ANALYZER_NONNULL = YES;
				CLANG_ANALYZER_NUMBER_OBJECT_CONVERSION = YES_AGGRESSIVE;
				CLANG_CXX_LANGUAGE_STANDARD = "gnu++14";
				CLANG_WARN_DOCUMENTATION_COMMENTS = YES;
				CLANG_WARN_UNGUARDED_AVAILABILITY = YES_AGGRESSIVE;
				CODE_SIGN_IDENTITY = "iPhone Developer";
				CODE_SIGN_STYLE = Automatic;
				DEBUG_INFORMATION_FORMAT = dwarf;
				DEVELOPMENT_TEAM = PG4V34R8QT;
				GCC_C_LANGUAGE_STANDARD = gnu11;
				INFOPLIST_FILE = RouteComposer_ExampleUITests/Info.plist;
				IPHONEOS_DEPLOYMENT_TARGET = 11.2;
				LD_RUNPATH_SEARCH_PATHS = "$(inherited) '@executable_path/Frameworks' '@loader_path/Frameworks'";
				PRODUCT_BUNDLE_IDENTIFIER = "ie.hbcdigital.RouteComposer-ExampleUITests";
				PRODUCT_NAME = "$(TARGET_NAME)";
				SWIFT_ACTIVE_COMPILATION_CONDITIONS = DEBUG;
				TARGETED_DEVICE_FAMILY = "1,2";
				TEST_TARGET_NAME = RouteComposer_Example;
			};
			name = Debug;
		};
		84B6D46D20163CC700B70FF7 /* Release */ = {
			isa = XCBuildConfiguration;
			buildSettings = {
				CLANG_ANALYZER_NONNULL = YES;
				CLANG_ANALYZER_NUMBER_OBJECT_CONVERSION = YES_AGGRESSIVE;
				CLANG_CXX_LANGUAGE_STANDARD = "gnu++14";
				CLANG_WARN_DOCUMENTATION_COMMENTS = YES;
				CLANG_WARN_UNGUARDED_AVAILABILITY = YES_AGGRESSIVE;
				CODE_SIGN_IDENTITY = "iPhone Developer";
				CODE_SIGN_STYLE = Automatic;
				DEVELOPMENT_TEAM = PG4V34R8QT;
				GCC_C_LANGUAGE_STANDARD = gnu11;
				INFOPLIST_FILE = RouteComposer_ExampleUITests/Info.plist;
				IPHONEOS_DEPLOYMENT_TARGET = 11.2;
				LD_RUNPATH_SEARCH_PATHS = "$(inherited) '@executable_path/Frameworks' '@loader_path/Frameworks'";
				PRODUCT_BUNDLE_IDENTIFIER = "ie.hbcdigital.RouteComposer-ExampleUITests";
				PRODUCT_NAME = "$(TARGET_NAME)";
				TARGETED_DEVICE_FAMILY = "1,2";
				TEST_TARGET_NAME = RouteComposer_Example;
			};
			name = Release;
		};
/* End XCBuildConfiguration section */

/* Begin XCConfigurationList section */
		607FACCB1AFB9204008FA782 /* Build configuration list for PBXProject "RouteComposer" */ = {
			isa = XCConfigurationList;
			buildConfigurations = (
				607FACED1AFB9204008FA782 /* Debug */,
				607FACEE1AFB9204008FA782 /* Release */,
			);
			defaultConfigurationIsVisible = 0;
			defaultConfigurationName = Release;
		};
		607FACEF1AFB9204008FA782 /* Build configuration list for PBXNativeTarget "RouteComposer_Example" */ = {
			isa = XCConfigurationList;
			buildConfigurations = (
				607FACF01AFB9204008FA782 /* Debug */,
				607FACF11AFB9204008FA782 /* Release */,
			);
			defaultConfigurationIsVisible = 0;
			defaultConfigurationName = Release;
		};
		607FACF21AFB9204008FA782 /* Build configuration list for PBXNativeTarget "RouteComposer_Tests" */ = {
			isa = XCConfigurationList;
			buildConfigurations = (
				607FACF31AFB9204008FA782 /* Debug */,
				607FACF41AFB9204008FA782 /* Release */,
			);
			defaultConfigurationIsVisible = 0;
			defaultConfigurationName = Release;
		};
		84B6D46E20163CC700B70FF7 /* Build configuration list for PBXNativeTarget "RouteComposer_ExampleUITests" */ = {
			isa = XCConfigurationList;
			buildConfigurations = (
				84B6D46C20163CC700B70FF7 /* Debug */,
				84B6D46D20163CC700B70FF7 /* Release */,
			);
			defaultConfigurationIsVisible = 0;
			defaultConfigurationName = Release;
		};
/* End XCConfigurationList section */
	};
	rootObject = 607FACC81AFB9204008FA782 /* Project object */;
}
